<?xml version="1.0" encoding="UTF-8" standalone="yes" ?>
<CodeBlocks_project_file>
	<FileVersion major="1" minor="6" />
	<Project>
		<Option title="Bullet" />
		<Option pch_mode="2" />
		<Option compiler="gcc" />
		<Build>
			<Target title="Debug Windows Static">
				<Option platforms="Windows;" />
				<Option output="libBullet" prefix_auto="1" extension_auto="1" />
				<Option working_dir="" />
				<Option object_output="obj\Debug\" />
				<Option type="2" />
				<Option compiler="gcc" />
				<Option createDefFile="1" />
				<Compiler>
					<Add option="-Wall" />
					<Add option="-g" />
				</Compiler>
			</Target>
		</Build>
		<Compiler>
			<Add option="-Wno-narrowing" />
			<Add option="-Wno-unused-but-set-variable" />
			<Add option="-Wno-unused-variable" />
			<Add option="-Wno-reorder" />
			<Add directory="Deps\bullet-2.81-rev2613\src" />
		</Compiler>
		<Unit filename="Deps\bullet-2.81-rev2613\src\BulletCollision\BroadphaseCollision\btAxisSweep3.cpp" />
		<Unit filename="Deps\bullet-2.81-rev2613\src\BulletCollision\BroadphaseCollision\btAxisSweep3.h" />
		<Unit filename="Deps\bullet-2.81-rev2613\src\BulletCollision\BroadphaseCollision\btBroadphaseInterface.h" />
		<Unit filename="Deps\bullet-2.81-rev2613\src\BulletCollision\BroadphaseCollision\btBroadphaseProxy.cpp" />
		<Unit filename="Deps\bullet-2.81-rev2613\src\BulletCollision\BroadphaseCollision\btBroadphaseProxy.h" />
		<Unit filename="Deps\bullet-2.81-rev2613\src\BulletCollision\BroadphaseCollision\btCollisionAlgorithm.cpp" />
		<Unit filename="Deps\bullet-2.81-rev2613\src\BulletCollision\BroadphaseCollision\btCollisionAlgorithm.h" />
		<Unit filename="Deps\bullet-2.81-rev2613\src\BulletCollision\BroadphaseCollision\btDbvt.cpp" />
		<Unit filename="Deps\bullet-2.81-rev2613\src\BulletCollision\BroadphaseCollision\btDbvt.h" />
		<Unit filename="Deps\bullet-2.81-rev2613\src\BulletCollision\BroadphaseCollision\btDbvtBroadphase.cpp" />
		<Unit filename="Deps\bullet-2.81-rev2613\src\BulletCollision\BroadphaseCollision\btDbvtBroadphase.h" />
		<Unit filename="Deps\bullet-2.81-rev2613\src\BulletCollision\BroadphaseCollision\btDispatcher.cpp" />
		<Unit filename="Deps\bullet-2.81-rev2613\src\BulletCollision\BroadphaseCollision\btDispatcher.h" />
		<Unit filename="Deps\bullet-2.81-rev2613\src\BulletCollision\BroadphaseCollision\btMultiSapBroadphase.cpp" />
		<Unit filename="Deps\bullet-2.81-rev2613\src\BulletCollision\BroadphaseCollision\btMultiSapBroadphase.h" />
		<Unit filename="Deps\bullet-2.81-rev2613\src\BulletCollision\BroadphaseCollision\btOverlappingPairCache.cpp" />
		<Unit filename="Deps\bullet-2.81-rev2613\src\BulletCollision\BroadphaseCollision\btOverlappingPairCache.h" />
		<Unit filename="Deps\bullet-2.81-rev2613\src\BulletCollision\BroadphaseCollision\btOverlappingPairCallback.h" />
		<Unit filename="Deps\bullet-2.81-rev2613\src\BulletCollision\BroadphaseCollision\btQuantizedBvh.cpp" />
		<Unit filename="Deps\bullet-2.81-rev2613\src\BulletCollision\BroadphaseCollision\btQuantizedBvh.h" />
		<Unit filename="Deps\bullet-2.81-rev2613\src\BulletCollision\BroadphaseCollision\btSimpleBroadphase.cpp" />
		<Unit filename="Deps\bullet-2.81-rev2613\src\BulletCollision\BroadphaseCollision\btSimpleBroadphase.h" />
		<Unit filename="Deps\bullet-2.81-rev2613\src\BulletCollision\CollisionDispatch\SphereTriangleDetector.cpp" />
		<Unit filename="Deps\bullet-2.81-rev2613\src\BulletCollision\CollisionDispatch\SphereTriangleDetector.h" />
		<Unit filename="Deps\bullet-2.81-rev2613\src\BulletCollision\CollisionDispatch\btActivatingCollisionAlgorithm.cpp" />
		<Unit filename="Deps\bullet-2.81-rev2613\src\BulletCollision\CollisionDispatch\btActivatingCollisionAlgorithm.h" />
		<Unit filename="Deps\bullet-2.81-rev2613\src\BulletCollision\CollisionDispatch\btBox2dBox2dCollisionAlgorithm.cpp" />
		<Unit filename="Deps\bullet-2.81-rev2613\src\BulletCollision\CollisionDispatch\btBox2dBox2dCollisionAlgorithm.h" />
		<Unit filename="Deps\bullet-2.81-rev2613\src\BulletCollision\CollisionDispatch\btBoxBoxCollisionAlgorithm.cpp" />
		<Unit filename="Deps\bullet-2.81-rev2613\src\BulletCollision\CollisionDispatch\btBoxBoxCollisionAlgorithm.h" />
		<Unit filename="Deps\bullet-2.81-rev2613\src\BulletCollision\CollisionDispatch\btBoxBoxDetector.cpp" />
		<Unit filename="Deps\bullet-2.81-rev2613\src\BulletCollision\CollisionDispatch\btBoxBoxDetector.h" />
		<Unit filename="Deps\bullet-2.81-rev2613\src\BulletCollision\CollisionDispatch\btCollisionConfiguration.h" />
		<Unit filename="Deps\bullet-2.81-rev2613\src\BulletCollision\CollisionDispatch\btCollisionCreateFunc.h" />
		<Unit filename="Deps\bullet-2.81-rev2613\src\BulletCollision\CollisionDispatch\btCollisionDispatcher.cpp" />
		<Unit filename="Deps\bullet-2.81-rev2613\src\BulletCollision\CollisionDispatch\btCollisionDispatcher.h" />
		<Unit filename="Deps\bullet-2.81-rev2613\src\BulletCollision\CollisionDispatch\btCollisionObject.cpp" />
		<Unit filename="Deps\bullet-2.81-rev2613\src\BulletCollision\CollisionDispatch\btCollisionObject.h" />
		<Unit filename="Deps\bullet-2.81-rev2613\src\BulletCollision\CollisionDispatch\btCollisionObjectWrapper.h" />
		<Unit filename="Deps\bullet-2.81-rev2613\src\BulletCollision\CollisionDispatch\btCollisionWorld.cpp" />
		<Unit filename="Deps\bullet-2.81-rev2613\src\BulletCollision\CollisionDispatch\btCollisionWorld.h" />
		<Unit filename="Deps\bullet-2.81-rev2613\src\BulletCollision\CollisionDispatch\btCompoundCollisionAlgorithm.cpp" />
		<Unit filename="Deps\bullet-2.81-rev2613\src\BulletCollision\CollisionDispatch\btCompoundCollisionAlgorithm.h" />
		<Unit filename="Deps\bullet-2.81-rev2613\src\BulletCollision\CollisionDispatch\btConvex2dConvex2dAlgorithm.cpp" />
		<Unit filename="Deps\bullet-2.81-rev2613\src\BulletCollision\CollisionDispatch\btConvex2dConvex2dAlgorithm.h" />
		<Unit filename="Deps\bullet-2.81-rev2613\src\BulletCollision\CollisionDispatch\btConvexConcaveCollisionAlgorithm.cpp" />
		<Unit filename="Deps\bullet-2.81-rev2613\src\BulletCollision\CollisionDispatch\btConvexConcaveCollisionAlgorithm.h" />
		<Unit filename="Deps\bullet-2.81-rev2613\src\BulletCollision\CollisionDispatch\btConvexConvexAlgorithm.cpp" />
		<Unit filename="Deps\bullet-2.81-rev2613\src\BulletCollision\CollisionDispatch\btConvexConvexAlgorithm.h" />
		<Unit filename="Deps\bullet-2.81-rev2613\src\BulletCollision\CollisionDispatch\btConvexPlaneCollisionAlgorithm.cpp" />
		<Unit filename="Deps\bullet-2.81-rev2613\src\BulletCollision\CollisionDispatch\btConvexPlaneCollisionAlgorithm.h" />
		<Unit filename="Deps\bullet-2.81-rev2613\src\BulletCollision\CollisionDispatch\btDefaultCollisionConfiguration.cpp" />
		<Unit filename="Deps\bullet-2.81-rev2613\src\BulletCollision\CollisionDispatch\btDefaultCollisionConfiguration.h" />
		<Unit filename="Deps\bullet-2.81-rev2613\src\BulletCollision\CollisionDispatch\btEmptyCollisionAlgorithm.cpp" />
		<Unit filename="Deps\bullet-2.81-rev2613\src\BulletCollision\CollisionDispatch\btEmptyCollisionAlgorithm.h" />
		<Unit filename="Deps\bullet-2.81-rev2613\src\BulletCollision\CollisionDispatch\btGhostObject.cpp" />
		<Unit filename="Deps\bullet-2.81-rev2613\src\BulletCollision\CollisionDispatch\btGhostObject.h" />
		<Unit filename="Deps\bullet-2.81-rev2613\src\BulletCollision\CollisionDispatch\btInternalEdgeUtility.cpp" />
		<Unit filename="Deps\bullet-2.81-rev2613\src\BulletCollision\CollisionDispatch\btInternalEdgeUtility.h" />
		<Unit filename="Deps\bullet-2.81-rev2613\src\BulletCollision\CollisionDispatch\btManifoldResult.cpp" />
		<Unit filename="Deps\bullet-2.81-rev2613\src\BulletCollision\CollisionDispatch\btManifoldResult.h" />
		<Unit filename="Deps\bullet-2.81-rev2613\src\BulletCollision\CollisionDispatch\btSimulationIslandManager.cpp" />
		<Unit filename="Deps\bullet-2.81-rev2613\src\BulletCollision\CollisionDispatch\btSimulationIslandManager.h" />
		<Unit filename="Deps\bullet-2.81-rev2613\src\BulletCollision\CollisionDispatch\btSphereBoxCollisionAlgorithm.cpp" />
		<Unit filename="Deps\bullet-2.81-rev2613\src\BulletCollision\CollisionDispatch\btSphereBoxCollisionAlgorithm.h" />
		<Unit filename="Deps\bullet-2.81-rev2613\src\BulletCollision\CollisionDispatch\btSphereSphereCollisionAlgorithm.cpp" />
		<Unit filename="Deps\bullet-2.81-rev2613\src\BulletCollision\CollisionDispatch\btSphereSphereCollisionAlgorithm.h" />
		<Unit filename="Deps\bullet-2.81-rev2613\src\BulletCollision\CollisionDispatch\btSphereTriangleCollisionAlgorithm.cpp" />
		<Unit filename="Deps\bullet-2.81-rev2613\src\BulletCollision\CollisionDispatch\btSphereTriangleCollisionAlgorithm.h" />
		<Unit filename="Deps\bullet-2.81-rev2613\src\BulletCollision\CollisionDispatch\btUnionFind.cpp" />
		<Unit filename="Deps\bullet-2.81-rev2613\src\BulletCollision\CollisionDispatch\btUnionFind.h" />
		<Unit filename="Deps\bullet-2.81-rev2613\src\BulletCollision\CollisionShapes\btBox2dShape.cpp" />
		<Unit filename="Deps\bullet-2.81-rev2613\src\BulletCollision\CollisionShapes\btBox2dShape.h" />
		<Unit filename="Deps\bullet-2.81-rev2613\src\BulletCollision\CollisionShapes\btBoxShape.cpp" />
		<Unit filename="Deps\bullet-2.81-rev2613\src\BulletCollision\CollisionShapes\btBoxShape.h" />
		<Unit filename="Deps\bullet-2.81-rev2613\src\BulletCollision\CollisionShapes\btBvhTriangleMeshShape.cpp" />
		<Unit filename="Deps\bullet-2.81-rev2613\src\BulletCollision\CollisionShapes\btBvhTriangleMeshShape.h" />
		<Unit filename="Deps\bullet-2.81-rev2613\src\BulletCollision\CollisionShapes\btCapsuleShape.cpp" />
		<Unit filename="Deps\bullet-2.81-rev2613\src\BulletCollision\CollisionShapes\btCapsuleShape.h" />
		<Unit filename="Deps\bullet-2.81-rev2613\src\BulletCollision\CollisionShapes\btCollisionMargin.h" />
		<Unit filename="Deps\bullet-2.81-rev2613\src\BulletCollision\CollisionShapes\btCollisionShape.cpp" />
		<Unit filename="Deps\bullet-2.81-rev2613\src\BulletCollision\CollisionShapes\btCollisionShape.h" />
		<Unit filename="Deps\bullet-2.81-rev2613\src\BulletCollision\CollisionShapes\btCompoundShape.cpp" />
		<Unit filename="Deps\bullet-2.81-rev2613\src\BulletCollision\CollisionShapes\btCompoundShape.h" />
		<Unit filename="Deps\bullet-2.81-rev2613\src\BulletCollision\CollisionShapes\btConcaveShape.cpp" />
		<Unit filename="Deps\bullet-2.81-rev2613\src\BulletCollision\CollisionShapes\btConcaveShape.h" />
		<Unit filename="Deps\bullet-2.81-rev2613\src\BulletCollision\CollisionShapes\btConeShape.cpp" />
		<Unit filename="Deps\bullet-2.81-rev2613\src\BulletCollision\CollisionShapes\btConeShape.h" />
		<Unit filename="Deps\bullet-2.81-rev2613\src\BulletCollision\CollisionShapes\btConvex2dShape.cpp" />
		<Unit filename="Deps\bullet-2.81-rev2613\src\BulletCollision\CollisionShapes\btConvex2dShape.h" />
		<Unit filename="Deps\bullet-2.81-rev2613\src\BulletCollision\CollisionShapes\btConvexHullShape.cpp" />
		<Unit filename="Deps\bullet-2.81-rev2613\src\BulletCollision\CollisionShapes\btConvexHullShape.h" />
		<Unit filename="Deps\bullet-2.81-rev2613\src\BulletCollision\CollisionShapes\btConvexInternalShape.cpp" />
		<Unit filename="Deps\bullet-2.81-rev2613\src\BulletCollision\CollisionShapes\btConvexInternalShape.h" />
		<Unit filename="Deps\bullet-2.81-rev2613\src\BulletCollision\CollisionShapes\btConvexPointCloudShape.cpp" />
		<Unit filename="Deps\bullet-2.81-rev2613\src\BulletCollision\CollisionShapes\btConvexPointCloudShape.h" />
		<Unit filename="Deps\bullet-2.81-rev2613\src\BulletCollision\CollisionShapes\btConvexPolyhedron.cpp" />
		<Unit filename="Deps\bullet-2.81-rev2613\src\BulletCollision\CollisionShapes\btConvexPolyhedron.h" />
		<Unit filename="Deps\bullet-2.81-rev2613\src\BulletCollision\CollisionShapes\btConvexShape.cpp" />
		<Unit filename="Deps\bullet-2.81-rev2613\src\BulletCollision\CollisionShapes\btConvexShape.h" />
		<Unit filename="Deps\bullet-2.81-rev2613\src\BulletCollision\CollisionShapes\btConvexTriangleMeshShape.cpp" />
		<Unit filename="Deps\bullet-2.81-rev2613\src\BulletCollision\CollisionShapes\btConvexTriangleMeshShape.h" />
		<Unit filename="Deps\bullet-2.81-rev2613\src\BulletCollision\CollisionShapes\btCylinderShape.cpp" />
		<Unit filename="Deps\bullet-2.81-rev2613\src\BulletCollision\CollisionShapes\btCylinderShape.h" />
		<Unit filename="Deps\bullet-2.81-rev2613\src\BulletCollision\CollisionShapes\btEmptyShape.cpp" />
		<Unit filename="Deps\bullet-2.81-rev2613\src\BulletCollision\CollisionShapes\btEmptyShape.h" />
		<Unit filename="Deps\bullet-2.81-rev2613\src\BulletCollision\CollisionShapes\btHeightfieldTerrainShape.cpp" />
		<Unit filename="Deps\bullet-2.81-rev2613\src\BulletCollision\CollisionShapes\btHeightfieldTerrainShape.h" />
		<Unit filename="Deps\bullet-2.81-rev2613\src\BulletCollision\CollisionShapes\btMaterial.h" />
		<Unit filename="Deps\bullet-2.81-rev2613\src\BulletCollision\CollisionShapes\btMinkowskiSumShape.cpp" />
		<Unit filename="Deps\bullet-2.81-rev2613\src\BulletCollision\CollisionShapes\btMinkowskiSumShape.h" />
		<Unit filename="Deps\bullet-2.81-rev2613\src\BulletCollision\CollisionShapes\btMultiSphereShape.cpp" />
		<Unit filename="Deps\bullet-2.81-rev2613\src\BulletCollision\CollisionShapes\btMultiSphereShape.h" />
		<Unit filename="Deps\bullet-2.81-rev2613\src\BulletCollision\CollisionShapes\btMultimaterialTriangleMeshShape.cpp" />
		<Unit filename="Deps\bullet-2.81-rev2613\src\BulletCollision\CollisionShapes\btMultimaterialTriangleMeshShape.h" />
		<Unit filename="Deps\bullet-2.81-rev2613\src\BulletCollision\CollisionShapes\btOptimizedBvh.cpp" />
		<Unit filename="Deps\bullet-2.81-rev2613\src\BulletCollision\CollisionShapes\btOptimizedBvh.h" />
		<Unit filename="Deps\bullet-2.81-rev2613\src\BulletCollision\CollisionShapes\btPolyhedralConvexShape.cpp" />
		<Unit filename="Deps\bullet-2.81-rev2613\src\BulletCollision\CollisionShapes\btPolyhedralConvexShape.h" />
		<Unit filename="Deps\bullet-2.81-rev2613\src\BulletCollision\CollisionShapes\btScaledBvhTriangleMeshShape.cpp" />
		<Unit filename="Deps\bullet-2.81-rev2613\src\BulletCollision\CollisionShapes\btScaledBvhTriangleMeshShape.h" />
		<Unit filename="Deps\bullet-2.81-rev2613\src\BulletCollision\CollisionShapes\btShapeHull.cpp" />
		<Unit filename="Deps\bullet-2.81-rev2613\src\BulletCollision\CollisionShapes\btShapeHull.h" />
		<Unit filename="Deps\bullet-2.81-rev2613\src\BulletCollision\CollisionShapes\btSphereShape.cpp" />
		<Unit filename="Deps\bullet-2.81-rev2613\src\BulletCollision\CollisionShapes\btSphereShape.h" />
		<Unit filename="Deps\bullet-2.81-rev2613\src\BulletCollision\CollisionShapes\btStaticPlaneShape.cpp" />
		<Unit filename="Deps\bullet-2.81-rev2613\src\BulletCollision\CollisionShapes\btStaticPlaneShape.h" />
		<Unit filename="Deps\bullet-2.81-rev2613\src\BulletCollision\CollisionShapes\btStridingMeshInterface.cpp" />
		<Unit filename="Deps\bullet-2.81-rev2613\src\BulletCollision\CollisionShapes\btStridingMeshInterface.h" />
		<Unit filename="Deps\bullet-2.81-rev2613\src\BulletCollision\CollisionShapes\btTetrahedronShape.cpp" />
		<Unit filename="Deps\bullet-2.81-rev2613\src\BulletCollision\CollisionShapes\btTetrahedronShape.h" />
		<Unit filename="Deps\bullet-2.81-rev2613\src\BulletCollision\CollisionShapes\btTriangleBuffer.cpp" />
		<Unit filename="Deps\bullet-2.81-rev2613\src\BulletCollision\CollisionShapes\btTriangleBuffer.h" />
		<Unit filename="Deps\bullet-2.81-rev2613\src\BulletCollision\CollisionShapes\btTriangleCallback.cpp" />
		<Unit filename="Deps\bullet-2.81-rev2613\src\BulletCollision\CollisionShapes\btTriangleCallback.h" />
		<Unit filename="Deps\bullet-2.81-rev2613\src\BulletCollision\CollisionShapes\btTriangleIndexVertexArray.cpp" />
		<Unit filename="Deps\bullet-2.81-rev2613\src\BulletCollision\CollisionShapes\btTriangleIndexVertexArray.h" />
		<Unit filename="Deps\bullet-2.81-rev2613\src\BulletCollision\CollisionShapes\btTriangleIndexVertexMaterialArray.cpp" />
		<Unit filename="Deps\bullet-2.81-rev2613\src\BulletCollision\CollisionShapes\btTriangleIndexVertexMaterialArray.h" />
		<Unit filename="Deps\bullet-2.81-rev2613\src\BulletCollision\CollisionShapes\btTriangleInfoMap.h" />
		<Unit filename="Deps\bullet-2.81-rev2613\src\BulletCollision\CollisionShapes\btTriangleMesh.cpp" />
		<Unit filename="Deps\bullet-2.81-rev2613\src\BulletCollision\CollisionShapes\btTriangleMesh.h" />
		<Unit filename="Deps\bullet-2.81-rev2613\src\BulletCollision\CollisionShapes\btTriangleMeshShape.cpp" />
		<Unit filename="Deps\bullet-2.81-rev2613\src\BulletCollision\CollisionShapes\btTriangleMeshShape.h" />
		<Unit filename="Deps\bullet-2.81-rev2613\src\BulletCollision\CollisionShapes\btTriangleShape.h" />
		<Unit filename="Deps\bullet-2.81-rev2613\src\BulletCollision\CollisionShapes\btUniformScalingShape.cpp" />
		<Unit filename="Deps\bullet-2.81-rev2613\src\BulletCollision\CollisionShapes\btUniformScalingShape.h" />
		<Unit filename="Deps\bullet-2.81-rev2613\src\BulletCollision\Gimpact\btBoxCollision.h" />
		<Unit filename="Deps\bullet-2.81-rev2613\src\BulletCollision\Gimpact\btClipPolygon.h" />
		<Unit filename="Deps\bullet-2.81-rev2613\src\BulletCollision\Gimpact\btContactProcessing.cpp" />
		<Unit filename="Deps\bullet-2.81-rev2613\src\BulletCollision\Gimpact\btContactProcessing.h" />
		<Unit filename="Deps\bullet-2.81-rev2613\src\BulletCollision\Gimpact\btGImpactBvh.cpp" />
		<Unit filename="Deps\bullet-2.81-rev2613\src\BulletCollision\Gimpact\btGImpactBvh.h" />
		<Unit filename="Deps\bullet-2.81-rev2613\src\BulletCollision\Gimpact\btGImpactCollisionAlgorithm.cpp" />
		<Unit filename="Deps\bullet-2.81-rev2613\src\BulletCollision\Gimpact\btGImpactCollisionAlgorithm.h" />
		<Unit filename="Deps\bullet-2.81-rev2613\src\BulletCollision\Gimpact\btGImpactMassUtil.h" />
		<Unit filename="Deps\bullet-2.81-rev2613\src\BulletCollision\Gimpact\btGImpactQuantizedBvh.cpp" />
		<Unit filename="Deps\bullet-2.81-rev2613\src\BulletCollision\Gimpact\btGImpactQuantizedBvh.h" />
		<Unit filename="Deps\bullet-2.81-rev2613\src\BulletCollision\Gimpact\btGImpactShape.cpp" />
		<Unit filename="Deps\bullet-2.81-rev2613\src\BulletCollision\Gimpact\btGImpactShape.h" />
		<Unit filename="Deps\bullet-2.81-rev2613\src\BulletCollision\Gimpact\btGenericPoolAllocator.cpp" />
		<Unit filename="Deps\bullet-2.81-rev2613\src\BulletCollision\Gimpact\btGenericPoolAllocator.h" />
		<Unit filename="Deps\bullet-2.81-rev2613\src\BulletCollision\Gimpact\btGeometryOperations.h" />
		<Unit filename="Deps\bullet-2.81-rev2613\src\BulletCollision\Gimpact\btQuantization.h" />
		<Unit filename="Deps\bullet-2.81-rev2613\src\BulletCollision\Gimpact\btTriangleShapeEx.cpp" />
		<Unit filename="Deps\bullet-2.81-rev2613\src\BulletCollision\Gimpact\btTriangleShapeEx.h" />
		<Unit filename="Deps\bullet-2.81-rev2613\src\BulletCollision\Gimpact\gim_array.h" />
		<Unit filename="Deps\bullet-2.81-rev2613\src\BulletCollision\Gimpact\gim_basic_geometry_operations.h" />
		<Unit filename="Deps\bullet-2.81-rev2613\src\BulletCollision\Gimpact\gim_bitset.h" />
		<Unit filename="Deps\bullet-2.81-rev2613\src\BulletCollision\Gimpact\gim_box_collision.h" />
		<Unit filename="Deps\bullet-2.81-rev2613\src\BulletCollision\Gimpact\gim_box_set.cpp" />
		<Unit filename="Deps\bullet-2.81-rev2613\src\BulletCollision\Gimpact\gim_box_set.h" />
		<Unit filename="Deps\bullet-2.81-rev2613\src\BulletCollision\Gimpact\gim_clip_polygon.h" />
		<Unit filename="Deps\bullet-2.81-rev2613\src\BulletCollision\Gimpact\gim_contact.cpp" />
		<Unit filename="Deps\bullet-2.81-rev2613\src\BulletCollision\Gimpact\gim_contact.h" />
		<Unit filename="Deps\bullet-2.81-rev2613\src\BulletCollision\Gimpact\gim_geom_types.h" />
		<Unit filename="Deps\bullet-2.81-rev2613\src\BulletCollision\Gimpact\gim_geometry.h" />
		<Unit filename="Deps\bullet-2.81-rev2613\src\BulletCollision\Gimpact\gim_hash_table.h" />
		<Unit filename="Deps\bullet-2.81-rev2613\src\BulletCollision\Gimpact\gim_linear_math.h" />
		<Unit filename="Deps\bullet-2.81-rev2613\src\BulletCollision\Gimpact\gim_math.h" />
		<Unit filename="Deps\bullet-2.81-rev2613\src\BulletCollision\Gimpact\gim_memory.cpp" />
		<Unit filename="Deps\bullet-2.81-rev2613\src\BulletCollision\Gimpact\gim_memory.h" />
		<Unit filename="Deps\bullet-2.81-rev2613\src\BulletCollision\Gimpact\gim_radixsort.h" />
		<Unit filename="Deps\bullet-2.81-rev2613\src\BulletCollision\Gimpact\gim_tri_collision.cpp" />
		<Unit filename="Deps\bullet-2.81-rev2613\src\BulletCollision\Gimpact\gim_tri_collision.h" />
		<Unit filename="Deps\bullet-2.81-rev2613\src\BulletCollision\NarrowPhaseCollision\btContinuousConvexCollision.cpp" />
		<Unit filename="Deps\bullet-2.81-rev2613\src\BulletCollision\NarrowPhaseCollision\btContinuousConvexCollision.h" />
		<Unit filename="Deps\bullet-2.81-rev2613\src\BulletCollision\NarrowPhaseCollision\btConvexCast.cpp" />
		<Unit filename="Deps\bullet-2.81-rev2613\src\BulletCollision\NarrowPhaseCollision\btConvexCast.h" />
		<Unit filename="Deps\bullet-2.81-rev2613\src\BulletCollision\NarrowPhaseCollision\btConvexPenetrationDepthSolver.h" />
		<Unit filename="Deps\bullet-2.81-rev2613\src\BulletCollision\NarrowPhaseCollision\btDiscreteCollisionDetectorInterface.h" />
		<Unit filename="Deps\bullet-2.81-rev2613\src\BulletCollision\NarrowPhaseCollision\btGjkConvexCast.cpp" />
		<Unit filename="Deps\bullet-2.81-rev2613\src\BulletCollision\NarrowPhaseCollision\btGjkConvexCast.h" />
		<Unit filename="Deps\bullet-2.81-rev2613\src\BulletCollision\NarrowPhaseCollision\btGjkEpa2.cpp" />
		<Unit filename="Deps\bullet-2.81-rev2613\src\BulletCollision\NarrowPhaseCollision\btGjkEpa2.h" />
		<Unit filename="Deps\bullet-2.81-rev2613\src\BulletCollision\NarrowPhaseCollision\btGjkEpaPenetrationDepthSolver.cpp" />
		<Unit filename="Deps\bullet-2.81-rev2613\src\BulletCollision\NarrowPhaseCollision\btGjkEpaPenetrationDepthSolver.h" />
		<Unit filename="Deps\bullet-2.81-rev2613\src\BulletCollision\NarrowPhaseCollision\btGjkPairDetector.cpp" />
		<Unit filename="Deps\bullet-2.81-rev2613\src\BulletCollision\NarrowPhaseCollision\btGjkPairDetector.h" />
		<Unit filename="Deps\bullet-2.81-rev2613\src\BulletCollision\NarrowPhaseCollision\btManifoldPoint.h" />
		<Unit filename="Deps\bullet-2.81-rev2613\src\BulletCollision\NarrowPhaseCollision\btMinkowskiPenetrationDepthSolver.cpp" />
		<Unit filename="Deps\bullet-2.81-rev2613\src\BulletCollision\NarrowPhaseCollision\btMinkowskiPenetrationDepthSolver.h" />
		<Unit filename="Deps\bullet-2.81-rev2613\src\BulletCollision\NarrowPhaseCollision\btPersistentManifold.cpp" />
		<Unit filename="Deps\bullet-2.81-rev2613\src\BulletCollision\NarrowPhaseCollision\btPersistentManifold.h" />
		<Unit filename="Deps\bullet-2.81-rev2613\src\BulletCollision\NarrowPhaseCollision\btPointCollector.h" />
		<Unit filename="Deps\bullet-2.81-rev2613\src\BulletCollision\NarrowPhaseCollision\btPolyhedralContactClipping.cpp" />
		<Unit filename="Deps\bullet-2.81-rev2613\src\BulletCollision\NarrowPhaseCollision\btPolyhedralContactClipping.h" />
		<Unit filename="Deps\bullet-2.81-rev2613\src\BulletCollision\NarrowPhaseCollision\btRaycastCallback.cpp" />
		<Unit filename="Deps\bullet-2.81-rev2613\src\BulletCollision\NarrowPhaseCollision\btRaycastCallback.h" />
		<Unit filename="Deps\bullet-2.81-rev2613\src\BulletCollision\NarrowPhaseCollision\btSimplexSolverInterface.h" />
		<Unit filename="Deps\bullet-2.81-rev2613\src\BulletCollision\NarrowPhaseCollision\btSubSimplexConvexCast.cpp" />
		<Unit filename="Deps\bullet-2.81-rev2613\src\BulletCollision\NarrowPhaseCollision\btSubSimplexConvexCast.h" />
		<Unit filename="Deps\bullet-2.81-rev2613\src\BulletCollision\NarrowPhaseCollision\btVoronoiSimplexSolver.cpp" />
		<Unit filename="Deps\bullet-2.81-rev2613\src\BulletCollision\NarrowPhaseCollision\btVoronoiSimplexSolver.h" />
		<Unit filename="Deps\bullet-2.81-rev2613\src\BulletDynamics\Character\btCharacterControllerInterface.h" />
		<Unit filename="Deps\bullet-2.81-rev2613\src\BulletDynamics\Character\btKinematicCharacterController.cpp" />
		<Unit filename="Deps\bullet-2.81-rev2613\src\BulletDynamics\Character\btKinematicCharacterController.h" />
		<Unit filename="Deps\bullet-2.81-rev2613\src\BulletDynamics\ConstraintSolver\btConeTwistConstraint.cpp" />
		<Unit filename="Deps\bullet-2.81-rev2613\src\BulletDynamics\ConstraintSolver\btConeTwistConstraint.h" />
		<Unit filename="Deps\bullet-2.81-rev2613\src\BulletDynamics\ConstraintSolver\btConstraintSolver.h" />
		<Unit filename="Deps\bullet-2.81-rev2613\src\BulletDynamics\ConstraintSolver\btContactConstraint.cpp" />
		<Unit filename="Deps\bullet-2.81-rev2613\src\BulletDynamics\ConstraintSolver\btContactConstraint.h" />
		<Unit filename="Deps\bullet-2.81-rev2613\src\BulletDynamics\ConstraintSolver\btContactSolverInfo.h" />
		<Unit filename="Deps\bullet-2.81-rev2613\src\BulletDynamics\ConstraintSolver\btGearConstraint.cpp" />
		<Unit filename="Deps\bullet-2.81-rev2613\src\BulletDynamics\ConstraintSolver\btGearConstraint.h" />
		<Unit filename="Deps\bullet-2.81-rev2613\src\BulletDynamics\ConstraintSolver\btGeneric6DofConstraint.cpp" />
		<Unit filename="Deps\bullet-2.81-rev2613\src\BulletDynamics\ConstraintSolver\btGeneric6DofConstraint.h" />
		<Unit filename="Deps\bullet-2.81-rev2613\src\BulletDynamics\ConstraintSolver\btGeneric6DofSpringConstraint.cpp" />
		<Unit filename="Deps\bullet-2.81-rev2613\src\BulletDynamics\ConstraintSolver\btGeneric6DofSpringConstraint.h" />
		<Unit filename="Deps\bullet-2.81-rev2613\src\BulletDynamics\ConstraintSolver\btHinge2Constraint.cpp" />
		<Unit filename="Deps\bullet-2.81-rev2613\src\BulletDynamics\ConstraintSolver\btHinge2Constraint.h" />
		<Unit filename="Deps\bullet-2.81-rev2613\src\BulletDynamics\ConstraintSolver\btHingeConstraint.cpp" />
		<Unit filename="Deps\bullet-2.81-rev2613\src\BulletDynamics\ConstraintSolver\btHingeConstraint.h" />
		<Unit filename="Deps\bullet-2.81-rev2613\src\BulletDynamics\ConstraintSolver\btJacobianEntry.h" />
		<Unit filename="Deps\bullet-2.81-rev2613\src\BulletDynamics\ConstraintSolver\btPoint2PointConstraint.cpp" />
		<Unit filename="Deps\bullet-2.81-rev2613\src\BulletDynamics\ConstraintSolver\btPoint2PointConstraint.h" />
		<Unit filename="Deps\bullet-2.81-rev2613\src\BulletDynamics\ConstraintSolver\btSequentialImpulseConstraintSolver.cpp" />
		<Unit filename="Deps\bullet-2.81-rev2613\src\BulletDynamics\ConstraintSolver\btSequentialImpulseConstraintSolver.h" />
		<Unit filename="Deps\bullet-2.81-rev2613\src\BulletDynamics\ConstraintSolver\btSliderConstraint.cpp" />
		<Unit filename="Deps\bullet-2.81-rev2613\src\BulletDynamics\ConstraintSolver\btSliderConstraint.h" />
		<Unit filename="Deps\bullet-2.81-rev2613\src\BulletDynamics\ConstraintSolver\btSolve2LinearConstraint.cpp" />
		<Unit filename="Deps\bullet-2.81-rev2613\src\BulletDynamics\ConstraintSolver\btSolve2LinearConstraint.h" />
		<Unit filename="Deps\bullet-2.81-rev2613\src\BulletDynamics\ConstraintSolver\btSolverBody.h" />
		<Unit filename="Deps\bullet-2.81-rev2613\src\BulletDynamics\ConstraintSolver\btSolverConstraint.h" />
		<Unit filename="Deps\bullet-2.81-rev2613\src\BulletDynamics\ConstraintSolver\btTypedConstraint.cpp" />
		<Unit filename="Deps\bullet-2.81-rev2613\src\BulletDynamics\ConstraintSolver\btTypedConstraint.h" />
		<Unit filename="Deps\bullet-2.81-rev2613\src\BulletDynamics\ConstraintSolver\btUniversalConstraint.cpp" />
		<Unit filename="Deps\bullet-2.81-rev2613\src\BulletDynamics\ConstraintSolver\btUniversalConstraint.h" />
		<Unit filename="Deps\bullet-2.81-rev2613\src\BulletDynamics\Dynamics\Bullet-C-API.cpp" />
		<Unit filename="Deps\bullet-2.81-rev2613\src\BulletDynamics\Dynamics\btActionInterface.h" />
		<Unit filename="Deps\bullet-2.81-rev2613\src\BulletDynamics\Dynamics\btDiscreteDynamicsWorld.cpp" />
		<Unit filename="Deps\bullet-2.81-rev2613\src\BulletDynamics\Dynamics\btDiscreteDynamicsWorld.h" />
		<Unit filename="Deps\bullet-2.81-rev2613\src\BulletDynamics\Dynamics\btDynamicsWorld.h" />
		<Unit filename="Deps\bullet-2.81-rev2613\src\BulletDynamics\Dynamics\btRigidBody.cpp" />
		<Unit filename="Deps\bullet-2.81-rev2613\src\BulletDynamics\Dynamics\btRigidBody.h" />
		<Unit filename="Deps\bullet-2.81-rev2613\src\BulletDynamics\Dynamics\btSimpleDynamicsWorld.cpp" />
		<Unit filename="Deps\bullet-2.81-rev2613\src\BulletDynamics\Dynamics\btSimpleDynamicsWorld.h" />
		<Unit filename="Deps\bullet-2.81-rev2613\src\BulletDynamics\Vehicle\btRaycastVehicle.cpp" />
		<Unit filename="Deps\bullet-2.81-rev2613\src\BulletDynamics\Vehicle\btRaycastVehicle.h" />
		<Unit filename="Deps\bullet-2.81-rev2613\src\BulletDynamics\Vehicle\btVehicleRaycaster.h" />
		<Unit filename="Deps\bullet-2.81-rev2613\src\BulletDynamics\Vehicle\btWheelInfo.cpp" />
		<Unit filename="Deps\bullet-2.81-rev2613\src\BulletDynamics\Vehicle\btWheelInfo.h" />
		<Unit filename="Deps\bullet-2.81-rev2613\src\BulletSoftBody\btDefaultSoftBodySolver.cpp" />
		<Unit filename="Deps\bullet-2.81-rev2613\src\BulletSoftBody\btDefaultSoftBodySolver.h" />
		<Unit filename="Deps\bullet-2.81-rev2613\src\BulletSoftBody\btSoftBody.cpp" />
		<Unit filename="Deps\bullet-2.81-rev2613\src\BulletSoftBody\btSoftBody.h" />
		<Unit filename="Deps\bullet-2.81-rev2613\src\BulletSoftBody\btSoftBodyConcaveCollisionAlgorithm.cpp" />
		<Unit filename="Deps\bullet-2.81-rev2613\src\BulletSoftBody\btSoftBodyConcaveCollisionAlgorithm.h" />
		<Unit filename="Deps\bullet-2.81-rev2613\src\BulletSoftBody\btSoftBodyData.h" />
		<Unit filename="Deps\bullet-2.81-rev2613\src\BulletSoftBody\btSoftBodyHelpers.cpp" />
		<Unit filename="Deps\bullet-2.81-rev2613\src\BulletSoftBody\btSoftBodyHelpers.h" />
		<Unit filename="Deps\bullet-2.81-rev2613\src\BulletSoftBody\btSoftBodyInternals.h" />
		<Unit filename="Deps\bullet-2.81-rev2613\src\BulletSoftBody\btSoftBodyRigidBodyCollisionConfiguration.cpp" />
		<Unit filename="Deps\bullet-2.81-rev2613\src\BulletSoftBody\btSoftBodyRigidBodyCollisionConfiguration.h" />
		<Unit filename="Deps\bullet-2.81-rev2613\src\BulletSoftBody\btSoftBodySolverVertexBuffer.h" />
		<Unit filename="Deps\bullet-2.81-rev2613\src\BulletSoftBody\btSoftBodySolvers.h" />
		<Unit filename="Deps\bullet-2.81-rev2613\src\BulletSoftBody\btSoftRigidCollisionAlgorithm.cpp" />
		<Unit filename="Deps\bullet-2.81-rev2613\src\BulletSoftBody\btSoftRigidCollisionAlgorithm.h" />
		<Unit filename="Deps\bullet-2.81-rev2613\src\BulletSoftBody\btSoftRigidDynamicsWorld.cpp" />
		<Unit filename="Deps\bullet-2.81-rev2613\src\BulletSoftBody\btSoftRigidDynamicsWorld.h" />
		<Unit filename="Deps\bullet-2.81-rev2613\src\BulletSoftBody\btSoftSoftCollisionAlgorithm.cpp" />
		<Unit filename="Deps\bullet-2.81-rev2613\src\BulletSoftBody\btSoftSoftCollisionAlgorithm.h" />
		<Unit filename="Deps\bullet-2.81-rev2613\src\BulletSoftBody\btSparseSDF.h" />
		<Unit filename="Deps\bullet-2.81-rev2613\src\LinearMath\btAabbUtil2.h" />
		<Unit filename="Deps\bullet-2.81-rev2613\src\LinearMath\btAlignedAllocator.cpp" />
		<Unit filename="Deps\bullet-2.81-rev2613\src\LinearMath\btAlignedAllocator.h" />
		<Unit filename="Deps\bullet-2.81-rev2613\src\LinearMath\btAlignedObjectArray.h" />
		<Unit filename="Deps\bullet-2.81-rev2613\src\LinearMath\btConvexHull.cpp" />
		<Unit filename="Deps\bullet-2.81-rev2613\src\LinearMath\btConvexHull.h" />
		<Unit filename="Deps\bullet-2.81-rev2613\src\LinearMath\btConvexHullComputer.cpp" />
		<Unit filename="Deps\bullet-2.81-rev2613\src\LinearMath\btConvexHullComputer.h" />
		<Unit filename="Deps\bullet-2.81-rev2613\src\LinearMath\btDefaultMotionState.h" />
		<Unit filename="Deps\bullet-2.81-rev2613\src\LinearMath\btGeometryUtil.cpp" />
		<Unit filename="Deps\bullet-2.81-rev2613\src\LinearMath\btGeometryUtil.h" />
		<Unit filename="Deps\bullet-2.81-rev2613\src\LinearMath\btGrahamScan2dConvexHull.h" />
		<Unit filename="Deps\bullet-2.81-rev2613\src\LinearMath\btHashMap.h" />
		<Unit filename="Deps\bullet-2.81-rev2613\src\LinearMath\btIDebugDraw.h" />
		<Unit filename="Deps\bullet-2.81-rev2613\src\LinearMath\btList.h" />
		<Unit filename="Deps\bullet-2.81-rev2613\src\LinearMath\btMatrix3x3.h" />
		<Unit filename="Deps\bullet-2.81-rev2613\src\LinearMath\btMinMax.h" />
		<Unit filename="Deps\bullet-2.81-rev2613\src\LinearMath\btMotionState.h" />
		<Unit filename="Deps\bullet-2.81-rev2613\src\LinearMath\btPolarDecomposition.cpp" />
		<Unit filename="Deps\bullet-2.81-rev2613\src\LinearMath\btPolarDecomposition.h" />
		<Unit filename="Deps\bullet-2.81-rev2613\src\LinearMath\btPoolAllocator.h" />
		<Unit filename="Deps\bullet-2.81-rev2613\src\LinearMath\btQuadWord.h" />
		<Unit filename="Deps\bullet-2.81-rev2613\src\LinearMath\btQuaternion.h" />
		<Unit filename="Deps\bullet-2.81-rev2613\src\LinearMath\btQuickprof.cpp" />
		<Unit filename="Deps\bullet-2.81-rev2613\src\LinearMath\btQuickprof.h" />
		<Unit filename="Deps\bullet-2.81-rev2613\src\LinearMath\btRandom.h" />
		<Unit filename="Deps\bullet-2.81-rev2613\src\LinearMath\btScalar.h" />
		<Unit filename="Deps\bullet-2.81-rev2613\src\LinearMath\btSerializer.cpp" />
		<Unit filename="Deps\bullet-2.81-rev2613\src\LinearMath\btSerializer.h" />
		<Unit filename="Deps\bullet-2.81-rev2613\src\LinearMath\btStackAlloc.h" />
		<Unit filename="Deps\bullet-2.81-rev2613\src\LinearMath\btTransform.h" />
		<Unit filename="Deps\bullet-2.81-rev2613\src\LinearMath\btTransformUtil.h" />
		<Unit filename="Deps\bullet-2.81-rev2613\src\LinearMath\btVector3.cpp" />
		<Unit filename="Deps\bullet-2.81-rev2613\src\LinearMath\btVector3.h" />
		<Extensions>
			<code_completion />
			<debugger />
		</Extensions>
	</Project>
</CodeBlocks_project_file>
