<?xml version="1.0" encoding="UTF-8" standalone="yes" ?>
<CodeBlocks_project_file>
	<FileVersion major="1" minor="6" />
	<Project>
		<Option title="GameBindingsAndInterpreter" />
		<Option pch_mode="2" />
		<Option compiler="gcc" />
		<Build>
			<Target title="Debug Linux">
				<Option platforms="Unix;" />
				<Option output="bin/Debug/LikeMagicDebugBuild" prefix_auto="1" extension_auto="1" />
				<Option working_dir="./" />
				<Option object_output="obj/Debug/" />
				<Option type="1" />
				<Option compiler="gcc" />
				<Option use_console_runner="0" />
				<Option parameters="Iocaste/iovm/io/ Engine/Startup.io.inl ../../wayup/Startup.io.inl" />
				<Compiler>
					<Add option="-Wall" />
					<Add option="-g" />
					<Add option="-DIRR_1_8" />
					<Add option="-DNO_USE_DMALLOC" />
					<Add directory="Deps/irrlicht-1.8-unstable/include" />
				</Compiler>
				<Linker>
					<Add option="-ldl" />
					<Add option="-lpthread" />
					<Add option="-framework AppKit" />
					<Add option="-framework Cocoa" />
					<Add option="-framework OpenGL" />
					<Add option="-framework Carbon" />
					<Add option="-framework IOKit" />
					<Add option="-v" />
					<Add library=".\libBullet-Mac.a" />
					<Add library="Deps\irrlicht-1.8-unstable\lib\libIrrlichtObjFiles-Mac.a" />
					<Add library="Deps\irrlicht-1.8-unstable\lib\libIrrlicht-Mac.a" />
					<Add library="..\desteer\bindings\libDESteerBindings-Mac.a" />
					<Add library="LikeMagic\StdBindings\libStdBindings-Mac.a" />
					<Add library="Deps\tps-1.2\ThinPlateSpline\bin\Debug\libThinPlateSpline.a" />
					<Add library="..\desteer\lib\libdesteer.a" />
					<Add library="Iocaste\libIocaste-Mac.a" />
					<Add library="LikeMagic\libLikeMagic-Mac.a" />
				</Linker>
				<ExtraCommands>
					<Add before="Interpreter/delete-if-older.sh bin/Debug/LikeMagicDebugBuild ../desteer/lib/libdesteer.a ../desteer/bindings/libDESteerBindings.a" />
					<Mode after="always" />
				</ExtraCommands>
			</Target>
			<Target title="Debug Mac">
				<Option platforms="Mac;" />
				<Option output="bin/Debug/LikeMagicDebugBuild" prefix_auto="1" extension_auto="1" />
				<Option working_dir="./" />
				<Option object_output="obj/Debug/" />
				<Option type="1" />
				<Option compiler="gcc" />
				<Option use_console_runner="0" />
				<Option parameters="--language Iocaste/iovm/io/ --engine Engine/Startup.io.inl --game ../../wayup/Startup.io.inl" />
				<Compiler>
					<Add option="-Wall" />
					<Add option="-g" />
					<Add option="-DIRR_1_8" />
					<Add option="-DNO_USE_DMALLOC" />
					<Add directory="Deps/irrlicht-1.8-unstable/include" />
				</Compiler>
				<Linker>
					<Add option="-ldl" />
					<Add option="-lpthread" />
					<Add option="-framework AppKit" />
					<Add option="-framework Cocoa" />
					<Add option="-framework OpenGL" />
					<Add option="-framework Carbon" />
					<Add option="-framework IOKit" />
					<Add option="-v" />
					<Add library=".\libBullet-Mac.a" />
					<Add library="Deps\irrlicht-1.8-unstable\lib\libIrrlichtObjFiles-Mac.a" />
					<Add library="Deps\irrlicht-1.8-unstable\lib\libIrrlicht-Mac.a" />
					<Add library="LikeMagic\StdBindings\libStdBindings-Mac.a" />
					<Add library="Deps\tps-1.2\ThinPlateSpline\bin\Debug\libThinPlateSpline.a" />
					<Add library="..\desteer\lib\libdesteer.a" />
					<Add library="Iocaste\libIocaste-Mac.a" />
					<Add library="LikeMagic\libLikeMagic-Mac.a" />
				</Linker>
				<ExtraCommands>
					<Add before="Interpreter/delete-if-older.sh bin/Debug/LikeMagicDebugBuild ../desteer/lib/libdesteer.a ../desteer/bindings/libDESteerBindings.a" />
					<Mode after="always" />
				</ExtraCommands>
			</Target>
			<Target title="Debug Windows">
				<Option platforms="Windows;" />
				<Option output="bin/Debug/LikeMagicDebugBuild" prefix_auto="1" extension_auto="1" />
				<Option working_dir="./" />
				<Option object_output="obj/Debug/" />
				<Option external_deps="LikeMagic/libLikeMagic-Linux.a;Deps/irrlicht-1.7.3/lib/Win32-gcc/libIrrlicht.a;" />
				<Option additional_output="bin/Debug/LikeMagicDebugBuild.exe;" />
				<Option type="1" />
				<Option compiler="gcc" />
				<Option use_console_runner="0" />
				<Option parameters="Iocaste\iovm\io\ Engine\Startup.io.inl ..\..\wayup\Startup.io.inl" />
				<Compiler>
					<Add option="-g" />
					<Add option="-DNO_USE_DMALLOC" />
					<Add option="-DUSE_DLL_BUILD" />
					<Add option="-D_DEBUG" />
					<Add option="-DWIN32" />
					<Add option="-D_WINDOWS" />
					<Add option="-D_CRT_SECURE_NO_DEPRECATE_" />
					<Add option="-D__GNUWIN32__" />
					<Add directory="Deps/irrlicht-1.8/include" />
				</Compiler>
				<Linker>
					<Add option="-m32" />
					<Add library="..\desteer\bindings\libDESteerBindings-Windows.a" />
					<Add library="LikeMagic\StdBindings\libStdBindings-Windows.a" />
					<Add library="Iocaste\libIocaste-Windows.a" />
					<Add library="Common\boost_1_54_0\stage\lib\libboost_program_options-mgw47-mt-d-1_54.a" />
					<Add library="LikeMagic\libLikeMagic-Windows.a" />
					<Add library="..\desteer\lib\libdesteer.a" />
					<Add library="Deps\tps-1.2\ThinPlateSpline\bin\Debug\libThinPlateSpline.a" />
					<Add library=".\libBullet.a" />
					<Add library="Deps\irrlicht-1.8\lib\Win32-gcc\libIrrlicht.a" />
				</Linker>
				<ExtraCommands>
					<Add after="cmd /c copy /y LikeMagic\StdBindings\*.dll bin\Debug" />
					<Mode after="always" />
				</ExtraCommands>
			</Target>
		</Build>
		<Compiler>
			<Add option="-Wextra" />
			<Add option="-Wall" />
			<Add option="-fexceptions" />
			<Add option="--std=c++0x" />
			<Add option="-Werror=return-type" />
			<Add option="-fdiagnostics-show-option" />
			<Add option="-Wno-unused-variable" />
			<Add option="-Wno-unused-parameter" />
			<Add option="-Wno-deprecated" />
			<Add option="-Wno-ignored-qualifiers" />
			<Add option="-Wno-unused-but-set-parameter" />
			<Add directory="Common/boost_1_54_0" />
			<Add directory="Deps/bullet-2.81-rev2613/src" />
			<Add directory="../desteer/include" />
			<Add directory="Include" />
			<Add directory="LikeMagic/Include" />
			<Add directory="LikeMagic/StdBindings/Include" />
			<Add directory="Iocaste/Include" />
			<Add directory="Iocaste/iovm/source" />
			<Add directory="Iocaste/garbagecollector/source" />
			<Add directory="Iocaste/basekit/source" />
			<Add directory="Iocaste/Include/Iocaste/CShims" />
			<Add directory="Deps/tps-1.2/Include" />
			<Add directory="Interpreter/Include" />
		</Compiler>
		<Unit filename="Include/Bindings/Bullet/Bindings.hpp" />
		<Unit filename="Include/Bindings/Bullet/Protos.hpp" />
		<Unit filename="Include/Bindings/Bullet/ScriptedClosestRayResultCallback.hpp" />
		<Unit filename="Include/Bindings/Bullet/ScriptedContactResultCallback.hpp" />
		<Unit filename="Include/Bindings/Bullet/ScriptedWorldManager.hpp" />
		<Unit filename="Include/Bindings/Custom/Bindings.hpp" />
		<Unit filename="Include/Bindings/Custom/CustomAnimatorTypes.hpp" />
		<Unit filename="Include/Bindings/Custom/FlagBits.hpp" />
		<Unit filename="Include/Bindings/Custom/GearConstraint.hpp" />
		<Unit filename="Include/Bindings/Custom/IrrlichtBulletDebugDrawer.hpp" />
		<Unit filename="Include/Bindings/Custom/KinematicAnimator.hpp" />
		<Unit filename="Include/Bindings/Custom/LinkSplitter.hpp" />
		<Unit filename="Include/Bindings/Custom/LockAnimator.hpp" />
		<Unit filename="Include/Bindings/Custom/MeshTools.hpp" />
		<Unit filename="Include/Bindings/Custom/PhysicsAnimator.hpp" />
		<Unit filename="Include/Bindings/Custom/PossibleVertex.hpp" />
		<Unit filename="Include/Bindings/Custom/Protos.hpp" />
		<Unit filename="Include/Bindings/Custom/SceneNodePtrTest.hpp" />
		<Unit filename="Include/Bindings/Custom/ScriptObjAnimator.hpp" />
		<Unit filename="Include/Bindings/Custom/SoftBodyMeshSynchronizer.hpp" />
		<Unit filename="Include/Bindings/Custom/SurfaceQuadTree.hpp" />
		<Unit filename="Include/Bindings/DESteer/Bindings.hpp" />
		<Unit filename="Include/Bindings/DESteer/Protos.hpp" />
		<Unit filename="Include/Bindings/DESteer/ScriptedBaseEntity.hpp" />
		<Unit filename="Include/Bindings/DESteer/ScriptedEntitySpace.hpp" />
		<Unit filename="Include/Bindings/DESteer/ScriptedMobileEntity.hpp" />
		<Unit filename="Include/Bindings/IrrKlang/Bindings.hpp" />
		<Unit filename="Include/Bindings/IrrKlang/Protos.hpp" />
		<Unit filename="Include/Bindings/Irrlicht/Bindings.hpp" />
		<Unit filename="Include/Bindings/Irrlicht/OrientationHelperSceneNode.hpp" />
		<Unit filename="Include/Bindings/Irrlicht/Protos.hpp" />
		<Unit filename="Include/Bindings/Irrlicht/ScriptedDataSerializer.hpp" />
		<Unit filename="Include/Bindings/Irrlicht/ScriptedEventReceiver.hpp" />
		<Unit filename="Include/Bindings/Irrlicht/ScriptedSceneNode.hpp" />
		<Unit filename="Include/Bindings/ThinPlateSpline/Bindings.hpp" />
		<Unit filename="Include/Bindings/ThinPlateSpline/Protos.hpp" />
		<Unit filename="Interpreter/Include/Interpreter/Bindings.hpp" />
		<Unit filename="Interpreter/Source/Bindings.cpp" />
		<Unit filename="Interpreter/Source/main.cpp" />
		<Unit filename="Source/Bullet/BulletBindings.cpp" />
		<Unit filename="Source/Bullet/BulletProtos.cpp" />
		<Unit filename="Source/Bullet/ScriptedClosestRayResultCallback.cpp" />
		<Unit filename="Source/Bullet/ScriptedContactResultCallback.cpp" />
		<Unit filename="Source/Bullet/ScriptedWorldManager.cpp" />
		<Unit filename="Source/Bullet/btBroadphaseInterface.cpp" />
		<Unit filename="Source/Bullet/btBroadphaseProxy.cpp" />
		<Unit filename="Source/Bullet/btCollisionConfiguration.cpp" />
		<Unit filename="Source/Bullet/btCollisionObject.cpp" />
		<Unit filename="Source/Bullet/btCollisionShape.cpp" />
		<Unit filename="Source/Bullet/btCollisionWorld.cpp" />
		<Unit filename="Source/Bullet/btConcaveShape.cpp" />
		<Unit filename="Source/Bullet/btConstraintSolver.cpp" />
		<Unit filename="Source/Bullet/btDispatcher.cpp" />
		<Unit filename="Source/Bullet/btMatrix3x3.cpp" />
		<Unit filename="Source/Bullet/btMotionState.cpp" />
		<Unit filename="Source/Bullet/btOverlappingPairCallback.cpp" />
		<Unit filename="Source/Bullet/btQuaternion.cpp" />
		<Unit filename="Source/Bullet/btSoftBody.cpp" />
		<Unit filename="Source/Bullet/btStridingMeshInterface.cpp" />
		<Unit filename="Source/Bullet/btTransform.cpp" />
		<Unit filename="Source/Bullet/btTypedConstraint.cpp" />
		<Unit filename="Source/Bullet/btVector3.cpp" />
		<Unit filename="Source/Custom/CustomBindings.cpp" />
		<Unit filename="Source/Custom/GearConstraint.cpp" />
		<Unit filename="Source/Custom/HillMesh.cpp" />
		<Unit filename="Source/Custom/IrrlichtBulletDebugDrawer.cpp" />
		<Unit filename="Source/Custom/KinematicAnimator.cpp" />
		<Unit filename="Source/Custom/LinkSplitter.cpp" />
		<Unit filename="Source/Custom/LockAnimator.cpp" />
		<Unit filename="Source/Custom/MeshTools.cpp" />
		<Unit filename="Source/Custom/PhysicsAnimator.cpp" />
		<Unit filename="Source/Custom/PossibleVertex.cpp" />
		<Unit filename="Source/Custom/Protos.cpp" />
		<Unit filename="Source/Custom/SceneNodePtrTest.cpp" />
		<Unit filename="Source/Custom/ScriptObjAnimator.cpp" />
		<Unit filename="Source/Custom/SoftBodyMeshSynchronizer.cpp" />
		<Unit filename="Source/Custom/SurfaceQuadTree.cpp" />
		<Unit filename="Source/DESteer/Bindings.cpp" />
		<Unit filename="Source/DESteer/Protos.cpp" />
		<Unit filename="Source/DESteer/ScriptedBaseEntity.cpp" />
		<Unit filename="Source/DESteer/ScriptedMobileEntity.cpp" />
		<Unit filename="Source/IrrKlang/IrrKlangBindings.cpp" />
		<Unit filename="Source/IrrKlang/IrrKlangProtos.cpp" />
		<Unit filename="Source/Irrlicht/Bindings_OrientationHelperSceneNode.cpp" />
		<Unit filename="Source/Irrlicht/Bindings_core.cpp" />
		<Unit filename="Source/Irrlicht/Bindings_custom.cpp" />
		<Unit filename="Source/Irrlicht/Bindings_gui.cpp" />
		<Unit filename="Source/Irrlicht/Bindings_irr.cpp" />
		<Unit filename="Source/Irrlicht/Bindings_irr_io.cpp" />
		<Unit filename="Source/Irrlicht/Bindings_scene.cpp" />
		<Unit filename="Source/Irrlicht/Bindings_video.cpp" />
		<Unit filename="Source/Irrlicht/IrrlichtBindings.cpp" />
		<Unit filename="Source/Irrlicht/IrrlichtProtos.cpp" />
		<Unit filename="Source/Irrlicht/OrientationHelperSceneNode.cpp" />
		<Unit filename="Source/Irrlicht/ScriptedDataSerializer.cpp" />
		<Unit filename="Source/Irrlicht/ScriptedEventReceiver.cpp" />
		<Unit filename="Source/Irrlicht/ScriptedSceneNode.cpp" />
		<Unit filename="Source/ThinPlateSpline/TPSBindings.cpp" />
		<Unit filename="Source/ThinPlateSpline/TPSProtos.cpp" />
		<Extensions>
			<code_completion />
			<debugger>
				<search_path add="LikeMagic/Include" />
				<search_path add="../desteer/bindings/Include" />
				<search_path add="Deps/irrlicht/source/Irrlicht" />
				<search_path add="Iocaste/Source" />
				<search_path add="LikeMagic/Source" />
				<search_path add="LikeMagic/Include/LikeMagic" />
				<search_path add="LikeMagic/Include/LikeMagic/CallTargets" />
				<search_path add="Deps/irrlicht/include" />
				<search_path add="Deps/irrlicht/source" />
				<search_path add="Deps/irrlicht" />
			</debugger>
			<envvars />
		</Extensions>
	</Project>
</CodeBlocks_project_file>
