<?xml version="1.0" encoding="UTF-8" standalone="yes" ?>
<CodeBlocks_project_file>
	<FileVersion major="1" minor="6" />
	<Project>
		<Option title="IocasteInterpreter" />
		<Option pch_mode="2" />
		<Option compiler="gcc" />
		<Build>
			<Target title="Debug Mac">
				<Option output="bin/Debug/IocasteDebugBuild" prefix_auto="1" extension_auto="1" />
				<Option working_dir="./" />
				<Option object_output="obj/Debug/" />
				<Option external_deps="libIoCaste-Mac.a;" />
				<Option type="1" />
				<Option compiler="gcc" />
				<Option parameters="../LikeMagic/Script/Io/bootstrap.io --runCLI" />
				<Option projectLinkerOptionsRelation="1" />
				<Compiler>
					<Add option="-Wextra" />
					<Add option="-Wall" />
					<Add option="-g" />
					<Add option="-fexceptions" />
					<Add option="-Werror=return-type" />
					<Add option="-fdiagnostics-show-option" />
					<Add option="-Wno-unused-variable" />
					<Add option="-Wno-unused-parameter" />
					<Add option="-v" />
					<Add option="--std=c++0x" />
					<Add option="-DNO_USE_DMALLOC" />
					<Add directory="basekit/source" />
					<Add directory="coroutine/source" />
					<Add directory="garbagecollector/source" />
					<Add directory="iovm/source" />
					<Add directory="Include" />
					<Add directory="../GameBindings/Include" />
					<Add directory="../Interpreter/Include" />
					<Add directory="../LikeMagic/Include" />
					<Add directory="../Common/boost" />
					<Add directory="../io/_build/headers" />
					<Add directory="../GameBindings/bullet/src" />
					<Add directory="../GameBindings/irrlicht/include" />
					<Add directory="../desteer/bindings/Include" />
				</Compiler>
				<Linker>
					<Add option="-framework Carbon" />
					<Add option="-framework Cocoa" />
					<Add option="-framework IOKit" />
					<Add option="-ldl" />
					<Add option="-lpthread" />
					<Add library="../LikeMagic/libLikeMagic-Mac.a" />
					<Add library="libIoCaste-Mac.a" />
				</Linker>
				<ExtraCommands>
					<Add before="rm -f bin/Debug/IocasteDebugBuil*" />
					<Mode after="always" />
				</ExtraCommands>
			</Target>
			<Target title="Debug Linux">
				<Option output="bin/Debug/IocasteDebugBuild" prefix_auto="1" extension_auto="1" />
				<Option working_dir="./" />
				<Option object_output="obj/Debug/" />
				<Option external_deps="libIoCaste-Linux.a;" />
				<Option type="1" />
				<Option compiler="gcc" />
				<Option projectLinkerOptionsRelation="1" />
				<Compiler>
					<Add option="-Wextra" />
					<Add option="-Wall" />
					<Add option="-g" />
					<Add option="-fexceptions" />
					<Add option="-Werror=return-type" />
					<Add option="-fdiagnostics-show-option" />
					<Add option="-Wno-unused-variable" />
					<Add option="-Wno-unused-parameter" />
					<Add option="-DNO_USE_DMALLOC" />
					<Add directory="basekit/source" />
					<Add directory="coroutine/source" />
					<Add directory="garbagecollector/source" />
					<Add directory="iovm/source" />
				</Compiler>
				<Linker>
					<Add option="-ldl" />
					<Add option="-lpthread" />
					<Add library="libIoCaste-Linux.a" />
				</Linker>
			</Target>
		</Build>
		<Linker>
			<Add directory="../Iocaste" />
		</Linker>
		<Unit filename="../Interpreter/Source/Bindings.cpp" />
		<Unit filename="../Interpreter/Source/Protos.cpp" />
		<Unit filename="IocasteInterpreter.cbp" />
		<Unit filename="main.cpp" />
		<Extensions>
			<code_completion />
			<debugger>
				<search_path add="basekit/source" />
				<search_path add="coroutine/source" />
				<search_path add="garbagecollector/source" />
				<search_path add="iovm/source" />
			</debugger>
			<envvars />
		</Extensions>
	</Project>
</CodeBlocks_project_file>
