<?xml version="1.0" encoding="UTF-8" standalone="yes" ?>
<CodeBlocks_project_file>
	<FileVersion major="1" minor="6" />
	<Project>
		<Option title="IrrKlangBindings" />
		<Option pch_mode="2" />
		<Option compiler="gcc" />
		<Build>
			<Target title="Debug Windows">
				<Option platforms="Windows;" />
				<Option output="bin/Debug/IrrKlangBindings" imp_lib="$(TARGET_OUTPUT_DIR)$(TARGET_OUTPUT_BASENAME).a" def_file="$(TARGET_OUTPUT_DIR)$(TARGET_OUTPUT_BASENAME).def" prefix_auto="1" extension_auto="1" />
				<Option working_dir="./" />
				<Option object_output="obj/Debug/" />
				<Option type="3" />
				<Option compiler="gcc" />
				<Option createDefFile="1" />
				<Option createStaticLib="1" />
				<Compiler>
					<Add option="-g" />
					<Add option="-Wno-unused-local-typedefs" />
					<Add option="-DBUILDING_IRRKLANG_BINDINGS_DLL" />
					<Add option="-DUSE_DLL_BUILD" />
					<Add option="-D_DEBUG" />
					<Add option="-DWIN32" />
					<Add option="-D_WINDOWS" />
					<Add option="-D_CRT_SECURE_NO_DEPRECATE_" />
					<Add option="-D__GNUWIN32__" />
					<Add directory="Deps/irrlicht-1.8/include" />
				</Compiler>
				<Linker>
					<Add option="-s" />
					<Add option="-m32" />
					<Add library="bin\Debug\libLikeMagic-Windows.a" />
					<Add library="Deps\irrlicht-1.8\lib\Win32-gcc\libIrrlicht.a" />
				</Linker>
			</Target>
			<Target title="Debug Linux">
				<Option platforms="Unix;" />
				<Option output="bin/Debug/IrrKlangBindings" imp_lib="$(TARGET_OUTPUT_DIR)$(TARGET_OUTPUT_BASENAME).a" def_file="$(TARGET_OUTPUT_DIR)$(TARGET_OUTPUT_BASENAME).def" prefix_auto="1" extension_auto="1" />
				<Option working_dir="./" />
				<Option object_output="obj/Debug/" />
				<Option type="3" />
				<Option compiler="gcc" />
				<Option createDefFile="1" />
				<Option createStaticLib="1" />
				<Compiler>
					<Add option="-g" />
					<Add option="-fPIC" />
					<Add option="-DBUILDING_IRRKLANG_BINDINGS_DLL" />
					<Add option="-DUSE_DLL_BUILD" />
					<Add option="-D_DEBUG" />
					<Add directory="Deps/irrlicht-1.8/include" />
				</Compiler>
			</Target>
		</Build>
		<Compiler>
			<Add option="-Wextra" />
			<Add option="-Wall" />
			<Add option="-fexceptions" />
			<Add option="--std=c++0x" />
			<Add option="-Werror=return-type" />
			<Add option="-fdiagnostics-show-option" />
			<Add option="-Wno-unused-variable" />
			<Add option="-Wno-unused-parameter" />
			<Add option="-Wno-deprecated" />
			<Add option="-Wno-ignored-qualifiers" />
			<Add option="-Wno-unused-but-set-parameter" />
			<Add directory="Common/boost_1_54_0" />
			<Add directory="Deps/bullet-2.81-rev2613/src" />
			<Add directory="../desteer/include" />
			<Add directory="Include" />
			<Add directory="LikeMagic/Include" />
			<Add directory="LikeMagic/StdBindings/Include" />
			<Add directory="Iocaste/Include" />
			<Add directory="Iocaste/iovm/source" />
			<Add directory="Iocaste/garbagecollector/source" />
			<Add directory="Iocaste/basekit/source" />
			<Add directory="Iocaste/Include/Iocaste/CShims" />
			<Add directory="Deps/tps-1.2/Include" />
			<Add directory="Interpreter/Include" />
		</Compiler>
		<Unit filename="Include/Bindings/IrrKlang/Bindings.hpp" />
		<Unit filename="Include/Bindings/IrrKlang/IrrKlangBindingsDLL.hpp" />
		<Unit filename="Include/Bindings/IrrKlang/IrrKlangValues.hpp" />
		<Unit filename="Source/IrrKlang/IrrKlangBindings.cpp" />
		<Unit filename="Source/IrrKlang/IrrKlangValues.cpp" />
		<Extensions>
			<code_completion />
			<debugger>
				<search_path add="LikeMagic/Include" />
				<search_path add="Deps/irrlicht/source/Irrlicht" />
				<search_path add="LikeMagic/Source" />
				<search_path add="LikeMagic/Include/LikeMagic" />
				<search_path add="LikeMagic/Include/LikeMagic/CallTargets" />
				<search_path add="Deps/irrlicht/include" />
				<search_path add="Deps/irrlicht/source" />
				<search_path add="Deps/irrlicht" />
			</debugger>
			<envvars />
		</Extensions>
	</Project>
</CodeBlocks_project_file>
