<?xml version="1.0" encoding="UTF-8" standalone="yes" ?>
<CodeBlocks_project_file>
	<FileVersion major="1" minor="6" />
	<Project>
		<Option title="Main" />
		<Option pch_mode="2" />
		<Option default_target="Debug Linux" />
		<Option compiler="gcc" />
		<Build>
			<Target title="Debug Windows">
				<Option platforms="Windows;" />
				<Option output="bin/Debug/Game" prefix_auto="1" extension_auto="1" />
				<Option working_dir="bin/Debug/" />
				<Option object_output="obj/Debug/" />
				<Option type="1" />
				<Option compiler="gcc" />
				<Option use_console_runner="0" />
				<Option parameters="--assets ../../Deps/irrlicht-1.8/media" />
				<Compiler>
					<Add option="-std=c++14" />
					<Add option="-m64" />
					<Add option="-g" />
					<Add option="-Wno-unused-local-typedefs" />
					<Add option="-DNO_USE_DMALLOC" />
					<Add option="-DUSE_DLL_BUILD" />
					<Add option="-D_DEBUG" />
					<Add option="-DWIN32" />
					<Add option="-D_WINDOWS" />
					<Add option="-D_CRT_SECURE_NO_DEPRECATE_" />
					<Add option="-D__GNUWIN32__" />
					<Add directory="Deps/irrlicht-1.8/include" />
				</Compiler>
				<Linker>
					<Add option="-s" />
					<Add option="-m64" />
					<Add library="bin\Debug\libIocaste-Windows.a" />
					<Add library="bin\Debug\libDESteerBindings.a" />
					<Add library="bin\Debug\libStdBindings-Windows.a" />
					<Add library="Common\boost_1_54_0\stage\lib\libboost_program_options-mgw48-mt-d-1_54.a" />
					<Add library="bin\Debug\libLikeMagic-Windows.a" />
					<Add library="..\desteer\lib\libdesteer.a" />
					<Add library="Deps\tps-1.2\ThinPlateSpline\bin\Debug\libThinPlateSpline.a" />
					<Add library=".\libBullet.a" />
					<Add library="Deps\irrlicht-1.8\lib\Win32-gcc\libIrrlicht.a" />
					<Add library="bin\Debug\libBulletBindings.a" />
					<Add library="bin\Debug\libIrrKlangBindings.a" />
					<Add library="bin\Debug\libIrrlichtBindings.a" />
					<Add library="bin\Debug\libMeshToolsBindings.a" />
					<Add library="bin\Debug\libsqlite.a" />
					<Add library="Engine\libEngine.a" />
				</Linker>
			</Target>
			<Target title="Debug Linux">
				<Option platforms="Unix;" />
				<Option output="bin/Debug/Game" prefix_auto="1" extension_auto="1" />
				<Option working_dir="./bin/Debug/" />
				<Option object_output="obj/Debug/" />
				<Option type="1" />
				<Option compiler="gcc" />
				<Option parameters="--assets ../../Deps/irrlicht-1.8/media" />
				<Compiler>
					<Add option="-std=c++11" />
					<Add option="-g" />
					<Add option="-fPIC" />
				</Compiler>
				<Linker>
					<Add option="-pthread" />
					<Add option="-Lbin/Debug" />
					<Add option="-Wl,-rpath=./" />
					<Add library="libMeshToolsBindings" />
					<Add library="libIrrlichtBindings" />
					<Add library="libBulletBindings" />
					<Add library="libIrrKlangBindings" />
					<Add library="libStdBindings-Linux" />
					<Add library="libLikeMagic-Linux" />
					<Add library="libIrrlicht" />
					<Add library="libDESteerBindings" />
					<Add library="libIocaste-Linux" />
					<Add library="Common\boost_1_54_0\stage\lib\libboost_program_options.a" />
					<Add library="bin\Debug\libsqlite.so" />
					<Add directory="bin/Debug" />
				</Linker>
				<ExtraCommands>
					<Add before="cp Deps/irrlicht-1.8/lib/Linux/libIrrlicht.so bin/Debug/" />
				</ExtraCommands>
			</Target>
		</Build>
		<Compiler>
			<Add option="-Wextra" />
			<Add option="-Wall" />
			<Add option="-fexceptions" />
			<Add option="--std=c++0x" />
			<Add option="-Werror=return-type" />
			<Add option="-fdiagnostics-show-option" />
			<Add option="-Wno-unused-variable" />
			<Add option="-Wno-unused-parameter" />
			<Add option="-Wno-deprecated" />
			<Add option="-Wno-ignored-qualifiers" />
			<Add option="-Wno-unused-but-set-parameter" />
			<Add directory="Common/boost_1_54_0" />
			<Add directory="Deps/bullet-2.81-rev2613/src" />
			<Add directory="../desteer/include" />
			<Add directory="Include" />
			<Add directory="LikeMagic/Include" />
			<Add directory="LikeMagic/StdBindings/Include" />
			<Add directory="Iocaste/Include" />
			<Add directory="Iocaste/iovm/source" />
			<Add directory="Iocaste/garbagecollector/source" />
			<Add directory="Iocaste/basekit/source" />
			<Add directory="Iocaste/Include/Iocaste/CShims" />
			<Add directory="Deps/tps-1.2/Include" />
			<Add directory="Interpreter/Include" />
		</Compiler>
		<Unit filename="Interpreter/Include/Interpreter/Bindings.hpp" />
		<Unit filename="Interpreter/Source/Bindings.cpp" />
		<Unit filename="Interpreter/Source/main.cpp" />
		<Unit filename="Iocaste/Include/Iocaste/MapIntToIoObject.hpp" />
		<Extensions>
			<code_completion />
			<debugger>
				<search_path add="LikeMagic/Include" />
				<search_path add="../desteer/bindings/Include" />
				<search_path add="Deps/irrlicht/source/Irrlicht" />
				<search_path add="Iocaste/Source" />
				<search_path add="LikeMagic/Source" />
				<search_path add="LikeMagic/Include/LikeMagic" />
				<search_path add="LikeMagic/Include/LikeMagic/CallTargets" />
				<search_path add="Deps/irrlicht/include" />
				<search_path add="Deps/irrlicht/source" />
				<search_path add="Deps/irrlicht" />
			</debugger>
			<envvars />
			<DoxyBlocks>
				<comment_style block="0" line="0" />
				<doxyfile_project />
				<doxyfile_build />
				<doxyfile_warnings />
				<doxyfile_output />
				<doxyfile_dot />
				<general />
			</DoxyBlocks>
		</Extensions>
	</Project>
</CodeBlocks_project_file>
