<?xml version="1.0" encoding="UTF-8" standalone="yes" ?>
<CodeBlocks_project_file>
	<FileVersion major="1" minor="6" />
	<Project>
		<Option title="MeshToolsBindings" />
		<Option pch_mode="2" />
		<Option compiler="gcc" />
		<Build>
			<Target title="Debug Windows">
				<Option platforms="Windows;" />
				<Option output="bin/Debug/MeshToolsBindings" imp_lib="$(TARGET_OUTPUT_DIR)$(TARGET_OUTPUT_BASENAME).a" def_file="$(TARGET_OUTPUT_DIR)$(TARGET_OUTPUT_BASENAME).def" prefix_auto="1" extension_auto="1" />
				<Option working_dir="./" />
				<Option object_output="obj/Debug/" />
				<Option type="3" />
				<Option compiler="gcc" />
				<Option createDefFile="1" />
				<Option createStaticLib="1" />
				<Compiler>
					<Add option="-g" />
					<Add option="-DBUILDING_MESHTOOLS_BINDINGS_DLL" />
					<Add option="-DUSE_DLL_BUILD" />
					<Add option="-D_DEBUG" />
					<Add option="-DWIN32" />
					<Add option="-D_WINDOWS" />
					<Add option="-D_CRT_SECURE_NO_DEPRECATE_" />
					<Add option="-D__GNUWIN32__" />
					<Add directory="Deps/irrlicht-1.8/include" />
				</Compiler>
				<Linker>
					<Add option="-m32" />
					<Add library="LikeMagic/libLikeMagic-Windows.a" />
					<Add library="Deps/tps-1.2/ThinPlateSpline/bin/Debug/libThinPlateSpline.a" />
					<Add library="./libBullet.a" />
					<Add library="Deps/irrlicht-1.8/lib/Win32-gcc/libIrrlicht.a" />
				</Linker>
			</Target>
			<Target title="Debug Linux">
				<Option platforms="Unix;" />
				<Option output="bin/Debug/MeshToolsBindings" imp_lib="$(TARGET_OUTPUT_DIR)$(TARGET_OUTPUT_BASENAME).a" def_file="$(TARGET_OUTPUT_DIR)$(TARGET_OUTPUT_BASENAME).def" prefix_auto="1" extension_auto="1" />
				<Option working_dir="./" />
				<Option object_output="obj/Debug/" />
				<Option type="3" />
				<Option compiler="gcc" />
				<Option createDefFile="1" />
				<Option createStaticLib="1" />
				<Compiler>
					<Add option="-g" />
					<Add option="-DBUILDING_MESHTOOLS_BINDINGS_DLL" />
					<Add option="-DUSE_DLL_BUILD" />
					<Add option="-D_DEBUG" />
					<Add directory="Deps/irrlicht-1.8/include" />
				</Compiler>
				<Linker>
					<Add option="-m32" />
					<Add library="bin/Debug/libLikeMagic-Linux.so" />
					<Add library="Deps/tps-1.2/ThinPlateSpline/bin/Debug/libThinPlateSpline.a" />
					<Add library="./libBullet.a" />
				</Linker>
			</Target>
		</Build>
		<Compiler>
			<Add option="-Wextra" />
			<Add option="-Wall" />
			<Add option="-fexceptions" />
			<Add option="--std=c++0x" />
			<Add option="-Werror=return-type" />
			<Add option="-fdiagnostics-show-option" />
			<Add option="-Wno-unused-variable" />
			<Add option="-Wno-unused-parameter" />
			<Add option="-Wno-deprecated" />
			<Add option="-Wno-ignored-qualifiers" />
			<Add option="-Wno-unused-but-set-parameter" />
			<Add directory="Common/boost_1_54_0" />
			<Add directory="Deps/bullet-2.81-rev2613/src" />
			<Add directory="../desteer/include" />
			<Add directory="Include" />
			<Add directory="LikeMagic/Include" />
			<Add directory="Deps/tps-1.2/Include" />
		</Compiler>
		<Unit filename="Include/Bindings/Custom/Bindings.hpp" />
		<Unit filename="Include/Bindings/Custom/CustomAnimatorTypes.hpp" />
		<Unit filename="Include/Bindings/Custom/CustomValues.hpp" />
		<Unit filename="Include/Bindings/Custom/FlagBits.hpp" />
		<Unit filename="Include/Bindings/Custom/GearConstraint.hpp" />
		<Unit filename="Include/Bindings/Custom/IrrlichtBulletDebugDrawer.hpp" />
		<Unit filename="Include/Bindings/Custom/KinematicAnimator.hpp" />
		<Unit filename="Include/Bindings/Custom/LinkSplitter.hpp" />
		<Unit filename="Include/Bindings/Custom/LockAnimator.hpp" />
		<Unit filename="Include/Bindings/Custom/MeshTools.hpp" />
		<Unit filename="Include/Bindings/Custom/MeshToolsBindingsDLL.hpp" />
		<Unit filename="Include/Bindings/Custom/PhysicsAnimator.hpp" />
		<Unit filename="Include/Bindings/Custom/PossibleVertex.hpp" />
		<Unit filename="Include/Bindings/Custom/SceneNodePtrTest.hpp" />
		<Unit filename="Include/Bindings/Custom/ScriptObjAnimator.hpp" />
		<Unit filename="Include/Bindings/Custom/SoftBodyMeshSynchronizer.hpp" />
		<Unit filename="Include/Bindings/Custom/SurfaceQuadTree.hpp" />
		<Unit filename="Include/Bindings/ThinPlateSpline/Bindings.hpp" />
		<Unit filename="Include/Bindings/ThinPlateSpline/TPSValues.hpp" />
		<Unit filename="Source/Custom/CustomBindings.cpp" />
		<Unit filename="Source/Custom/CustomValues.cpp" />
		<Unit filename="Source/Custom/GearConstraint.cpp" />
		<Unit filename="Source/Custom/HillMesh.cpp" />
		<Unit filename="Source/Custom/IrrlichtBulletDebugDrawer.cpp" />
		<Unit filename="Source/Custom/KinematicAnimator.cpp" />
		<Unit filename="Source/Custom/LinkSplitter.cpp" />
		<Unit filename="Source/Custom/LockAnimator.cpp" />
		<Unit filename="Source/Custom/MeshTools.cpp" />
		<Unit filename="Source/Custom/PhysicsAnimator.cpp" />
		<Unit filename="Source/Custom/PossibleVertex.cpp" />
		<Unit filename="Source/Custom/SceneNodePtrTest.cpp" />
		<Unit filename="Source/Custom/ScriptObjAnimator.cpp" />
		<Unit filename="Source/Custom/SoftBodyMeshSynchronizer.cpp" />
		<Unit filename="Source/Custom/SurfaceQuadTree.cpp" />
		<Unit filename="Source/ThinPlateSpline/TPSBindings.cpp" />
		<Unit filename="Source/ThinPlateSpline/TPSValues.cpp" />
		<Extensions>
			<code_completion />
			<debugger>
				<search_path add="LikeMagic/Include" />
				<search_path add="../desteer/bindings/Include" />
				<search_path add="Deps/irrlicht/source/Irrlicht" />
				<search_path add="LikeMagic/Source" />
				<search_path add="LikeMagic/Include/LikeMagic" />
				<search_path add="LikeMagic/Include/LikeMagic/CallTargets" />
				<search_path add="Deps/irrlicht/include" />
				<search_path add="Deps/irrlicht/source" />
				<search_path add="Deps/irrlicht" />
			</debugger>
			<envvars />
		</Extensions>
	</Project>
</CodeBlocks_project_file>
