<?xml version="1.0" encoding="UTF-8" standalone="yes" ?>
<CodeBlocks_project_file>
	<FileVersion major="1" minor="6" />
	<Project>
		<Option title="LikeMagic" />
		<Option pch_mode="2" />
		<Option compiler="gcc" />
		<Build>
			<Target title="Debug Linux">
				<Option platforms="Unix;" />
				<Option output="LikeMagic-Linux" prefix_auto="1" extension_auto="1" />
				<Option working_dir="" />
				<Option object_output="obj/Debug-Linux/" />
				<Option type="2" />
				<Option compiler="gcc" />
				<Option createDefFile="1" />
				<Compiler>
					<Add option="-Wall" />
					<Add option="-g" />
					<Add option="-DNO_USE_DMALLOC" />
				</Compiler>
			</Target>
			<Target title="Debug Mac">
				<Option platforms="Mac;" />
				<Option output="LikeMagic-Mac" prefix_auto="1" extension_auto="1" />
				<Option working_dir="" />
				<Option object_output="obj/Debug-Mac/" />
				<Option type="2" />
				<Option compiler="gcc" />
				<Option createDefFile="1" />
				<Compiler>
					<Add option="-Wall" />
					<Add option="-g" />
				</Compiler>
			</Target>
			<Target title="Debug Windows">
				<Option platforms="Windows;" />
				<Option output="LikeMagic-Windows" prefix_auto="1" extension_auto="1" />
				<Option working_dir="" />
				<Option object_output="obj/Debug-Windows/" />
				<Option type="2" />
				<Option compiler="gcc" />
				<Option createDefFile="1" />
				<Compiler>
					<Add option="-Wall" />
					<Add option="-g" />
				</Compiler>
			</Target>
		</Build>
		<Compiler>
			<Add option="-fexceptions" />
			<Add option="--std=c++0x" />
			<Add option="-Werror=return-type" />
			<Add option="-Werror=implicit-function-declaration" />
			<Add option="-fdiagnostics-show-option" />
			<Add option="-Wno-unused-variable" />
			<Add option="-Wno-unused-parameter" />
			<Add option="-Wno-deprecated" />
			<Add option="-Wno-ignored-qualifiers" />
			<Add directory="../Common/boost_1_54_0" />
			<Add directory="../Iocaste/basekit/source" />
			<Add directory="../Iocaste/garbagecollector/source" />
			<Add directory="../Iocaste/iovm/source" />
			<Add directory="../Iocaste/Include" />
			<Add directory="Include" />
		</Compiler>
		<Unit filename="Include/LikeMagic/BindingMacros.hpp" />
		<Unit filename="Include/LikeMagic/CallTargets/ArrayFieldGetterTarget.hpp" />
		<Unit filename="Include/LikeMagic/CallTargets/ArrayFieldReferenceTarget.hpp" />
		<Unit filename="Include/LikeMagic/CallTargets/ArrayFieldSetterTarget.hpp" />
		<Unit filename="Include/LikeMagic/CallTargets/BottomPtrTarget.hpp" />
		<Unit filename="Include/LikeMagic/CallTargets/ConstructorTarget.hpp" />
		<Unit filename="Include/LikeMagic/CallTargets/Delegate.hpp" />
		<Unit filename="Include/LikeMagic/CallTargets/DelegateCallTarget.hpp" />
		<Unit filename="Include/LikeMagic/CallTargets/DestructorCallTarget.hpp" />
		<Unit filename="Include/LikeMagic/CallTargets/ExprTarget.hpp" />
		<Unit filename="Include/LikeMagic/CallTargets/ExtensionMethodCallTarget.hpp" />
		<Unit filename="Include/LikeMagic/CallTargets/FieldGetterTarget.hpp" />
		<Unit filename="Include/LikeMagic/CallTargets/FieldReferenceTarget.hpp" />
		<Unit filename="Include/LikeMagic/CallTargets/FieldSetterTarget.hpp" />
		<Unit filename="Include/LikeMagic/CallTargets/StaticMethodCallTarget.hpp" />
		<Unit filename="Include/LikeMagic/Exprs/Adapter.hpp" />
		<Unit filename="Include/LikeMagic/Exprs/BottomPtrExpr.hpp" />
		<Unit filename="Include/LikeMagic/Exprs/Expr.hpp" />
		<Unit filename="Include/LikeMagic/Exprs/NamespaceExpr.hpp" />
		<Unit filename="Include/LikeMagic/Exprs/NullExpr.hpp" />
		<Unit filename="Include/LikeMagic/Exprs/Reference.hpp" />
		<Unit filename="Include/LikeMagic/Exprs/StringCachingTrampoline.hpp" />
		<Unit filename="Include/LikeMagic/Exprs/Term.hpp" />
		<Unit filename="Include/LikeMagic/Exprs/TermDeleter.hpp" />
		<Unit filename="Include/LikeMagic/Exprs/TermStoreAs.hpp" />
		<Unit filename="Include/LikeMagic/Exprs/ValueCachingAdapter.hpp" />
		<Unit filename="Include/LikeMagic/IMarkable.hpp" />
		<Unit filename="Include/LikeMagic/Interprocess/AbstractSharedArgMarshaller.hpp" />
		<Unit filename="Include/LikeMagic/Interprocess/CallRequest.hpp" />
		<Unit filename="Include/LikeMagic/Interprocess/CallReturn.hpp" />
		<Unit filename="Include/LikeMagic/Interprocess/DataRegister.hpp" />
		<Unit filename="Include/LikeMagic/Interprocess/MarshalByCopyConstructor.hpp" />
		<Unit filename="Include/LikeMagic/Interprocess/MarshalByStdCopyToArray.hpp" />
		<Unit filename="Include/LikeMagic/Interprocess/ProcessControlStructure.hpp" />
		<Unit filename="Include/LikeMagic/Interprocess/ProcessState.hpp" />
		<Unit filename="Include/LikeMagic/Interprocess/RemoteClass.hpp" />
		<Unit filename="Include/LikeMagic/Interprocess/RemoteMethod.hpp" />
		<Unit filename="Include/LikeMagic/Interprocess/RemoteObject.hpp" />
		<Unit filename="Include/LikeMagic/Interprocess/RemoteTypeIndex.hpp" />
		<Unit filename="Include/LikeMagic/Interprocess/RequestBroker.hpp" />
		<Unit filename="Include/LikeMagic/Interprocess/SharedArgTransporter.hpp" />
		<Unit filename="Include/LikeMagic/Interprocess/SharedMemoryFormat.hpp" />
		<Unit filename="Include/LikeMagic/Interprocess/SharedObjectRegistry.hpp" />
		<Unit filename="Include/LikeMagic/MarkableObjGraph.hpp" />
		<Unit filename="Include/LikeMagic/Mirrors/CallTarget.hpp" />
		<Unit filename="Include/LikeMagic/Mirrors/TypeMirror.hpp" />
		<Unit filename="Include/LikeMagic/ScriptUtil.hpp" />
		<Unit filename="Include/LikeMagic/TypeConv/AbstractTypeConverter.hpp" />
		<Unit filename="Include/LikeMagic/TypeConv/ConvImpl.hpp" />
		<Unit filename="Include/LikeMagic/TypeConv/ConvertibleTo.hpp" />
		<Unit filename="Include/LikeMagic/TypeConv/GenericConv.hpp" />
		<Unit filename="Include/LikeMagic/TypeConv/ImplicitConv.hpp" />
		<Unit filename="Include/LikeMagic/TypeConv/IteratorConv.hpp" />
		<Unit filename="Include/LikeMagic/TypeConv/NoChangeConv.hpp" />
		<Unit filename="Include/LikeMagic/TypeConv/NumberConv.hpp" />
		<Unit filename="Include/LikeMagic/TypeConv/PtrCastConv.hpp" />
		<Unit filename="Include/LikeMagic/TypeConv/PtrDerefConv.hpp" />
		<Unit filename="Include/LikeMagic/TypeConv/StaticCastConv.hpp" />
		<Unit filename="Include/LikeMagic/TypeConv/StringConv.hpp" />
		<Unit filename="Include/LikeMagic/TypeConv/ToAbstractExpressionConv.hpp" />
		<Unit filename="Include/LikeMagic/TypeConv/TypeConvGraph.hpp" />
		<Unit filename="Include/LikeMagic/TypeConv/VectorConv.hpp" />
		<Unit filename="Include/LikeMagic/TypeSystem.hpp" />
		<Unit filename="Include/LikeMagic/Utility/AbstractTypeInfo.hpp" />
		<Unit filename="Include/LikeMagic/Utility/BetterTypeInfo.hpp" />
		<Unit filename="Include/LikeMagic/Utility/DLLHelper.hpp" />
		<Unit filename="Include/LikeMagic/Utility/EnumHelper.hpp" />
		<Unit filename="Include/LikeMagic/Utility/ICanHasMemberFunc.hpp" />
		<Unit filename="Include/LikeMagic/Utility/IndexPack.hpp" />
		<Unit filename="Include/LikeMagic/Utility/IsContainer.hpp" />
		<Unit filename="Include/LikeMagic/Utility/IsIterator.hpp" />
		<Unit filename="Include/LikeMagic/Utility/KeyWrapper.hpp" />
		<Unit filename="Include/LikeMagic/Utility/NamespaceTypeInfo.hpp" />
		<Unit filename="Include/LikeMagic/Utility/ScriptFunc.hpp" />
		<Unit filename="Include/LikeMagic/Utility/StripModifiers.hpp" />
		<Unit filename="Include/LikeMagic/Utility/TupleForEach.hpp" />
		<Unit filename="Include/LikeMagic/Utility/TypeDescr.hpp" />
		<Unit filename="Include/LikeMagic/Utility/TypeIndex.hpp" />
		<Unit filename="Include/LikeMagic/Utility/TypeInfoCache.hpp" />
		<Unit filename="Include/LikeMagic/Utility/TypePack.hpp" />
		<Unit filename="Include/LikeMagic/Utility/make_arg_list.hpp" />
		<Unit filename="Include/LikeMagic/binding_functions.hpp" />
		<Unit filename="Script/Io/bootstrap.io" />
		<Unit filename="Script/TestScripts/debugtest.io" />
		<Unit filename="Source/AbstractSharedArgMarshaller.cpp" />
		<Unit filename="Source/AbstractTypeConverter.cpp" />
		<Unit filename="Source/AbstractTypeInfo.cpp" />
		<Unit filename="Source/BetterTypeInfo.cpp" />
		<Unit filename="Source/BottomPtrExpr.cpp" />
		<Unit filename="Source/CallTarget.cpp" />
		<Unit filename="Source/Expr.cpp" />
		<Unit filename="Source/ExprTarget.cpp" />
		<Unit filename="Source/IMarkable.cpp" />
		<Unit filename="Source/MarkableObjGraph.cpp" />
		<Unit filename="Source/NamespaceExpr.cpp" />
		<Unit filename="Source/RequestBroker.cpp" />
		<Unit filename="Source/RuntimeTypeSystem.cpp" />
		<Unit filename="Source/ScriptUtil.cpp" />
		<Unit filename="Source/SharedArgTransporter.cpp" />
		<Unit filename="Source/TypeConvGraph.cpp" />
		<Unit filename="Source/TypeDescr.cpp" />
		<Unit filename="Source/TypeIndex.cpp" />
		<Unit filename="Source/TypeInfoCache.cpp" />
		<Unit filename="Source/TypeMirror.cpp" />
		<Unit filename="Source/TypeSystem.cpp" />
		<Unit filename="Source/binding_functions.cpp" />
		<Extensions>
			<code_completion />
			<debugger />
			<envvars />
		</Extensions>
	</Project>
</CodeBlocks_project_file>
