<?xml version="1.0" encoding="UTF-8" standalone="yes" ?>
<CodeBlocks_project_file>
	<FileVersion major="1" minor="6" />
	<Project>
		<Option title="Engine" />
		<Option pch_mode="2" />
		<Option compiler="gcc" />
		<Build>
			<Target title="Debug">
				<Option output="Engine" prefix_auto="1" extension_auto="1" />
				<Option working_dir="" />
				<Option object_output="obj/Debug/" />
				<Option type="2" />
				<Option compiler="gcc" />
				<Option createDefFile="1" />
				<Compiler>
					<Add option="-Wall" />
					<Add option="-g" />
				</Compiler>
			</Target>
			<Target title="Release">
				<Option output="Engine" prefix_auto="1" extension_auto="1" />
				<Option working_dir="" />
				<Option object_output="obj/Release/" />
				<Option type="2" />
				<Option compiler="gcc" />
				<Option createDefFile="1" />
				<Compiler>
					<Add option="-Wall" />
					<Add option="-O2" />
				</Compiler>
				<Linker>
					<Add option="-s" />
				</Linker>
			</Target>
		</Build>
		<Compiler>
			<Add option="-fexceptions" />
			<Add option="--std=c++0x" />
			<Add option="-Werror=return-type" />
			<Add option="-Werror=implicit-function-declaration" />
			<Add option="-fdiagnostics-show-option" />
			<Add option="-Wno-unused-variable" />
			<Add option="-Wno-unused-parameter" />
			<Add option="-Wno-deprecated" />
			<Add option="-Wno-ignored-qualifiers" />
			<Add option="-Wno-unused-local-typedefs" />
			<Add directory="../LikeMagic/Include" />
			<Add directory="../Common/boost_1_54_0" />
		</Compiler>
		<Unit filename="../bin/Debug/ArrayOfVector3df.cpp" />
		<Unit filename="../bin/Debug/ArrayOfVector3df.hpp" />
		<Unit filename="../bin/Debug/BehaviorGroup.cpp" />
		<Unit filename="../bin/Debug/BehaviorGroup.hpp" />
		<Unit filename="../bin/Debug/BehaviorIterator.cpp" />
		<Unit filename="../bin/Debug/BehaviorIterator.hpp" />
		<Unit filename="../bin/Debug/BottomPtr.cpp" />
		<Unit filename="../bin/Debug/BottomPtr.hpp" />
		<Unit filename="../bin/Debug/CallTarget.cpp" />
		<Unit filename="../bin/Debug/CallTarget.hpp" />
		<Unit filename="../bin/Debug/CollisionFilterGroups.cpp" />
		<Unit filename="../bin/Debug/CollisionFilterGroups.hpp" />
		<Unit filename="../bin/Debug/ControlPoint.cpp" />
		<Unit filename="../bin/Debug/ControlPoint.hpp" />
		<Unit filename="../bin/Debug/ControlPointPtr.cpp" />
		<Unit filename="../bin/Debug/ControlPointPtr.hpp" />
		<Unit filename="../bin/Debug/DebugDrawModes.cpp" />
		<Unit filename="../bin/Debug/DebugDrawModes.hpp" />
		<Unit filename="../bin/Debug/Delegate.cpp" />
		<Unit filename="../bin/Debug/Delegate.hpp" />
		<Unit filename="../bin/Debug/EBEHAVIOR_FLAG.cpp" />
		<Unit filename="../bin/Debug/EBEHAVIOR_FLAG.hpp" />
		<Unit filename="../bin/Debug/EEVENT_TYPE.cpp" />
		<Unit filename="../bin/Debug/EEVENT_TYPE.hpp" />
		<Unit filename="../bin/Debug/EGUI_ALIGNMENT.cpp" />
		<Unit filename="../bin/Debug/EGUI_ALIGNMENT.hpp" />
		<Unit filename="../bin/Debug/EGUI_EVENT_TYPE.cpp" />
		<Unit filename="../bin/Debug/EGUI_EVENT_TYPE.hpp" />
		<Unit filename="../bin/Debug/EIntersectionRelation3D.cpp" />
		<Unit filename="../bin/Debug/EIntersectionRelation3D.hpp" />
		<Unit filename="../bin/Debug/EKEY_CODE.cpp" />
		<Unit filename="../bin/Debug/EKEY_CODE.hpp" />
		<Unit filename="../bin/Debug/EMOUSE_INPUT_EVENT.cpp" />
		<Unit filename="../bin/Debug/EMOUSE_INPUT_EVENT.hpp" />
		<Unit filename="../bin/Debug/E_ANTI_ALIASING_MODE.cpp" />
		<Unit filename="../bin/Debug/E_ANTI_ALIASING_MODE.hpp" />
		<Unit filename="../bin/Debug/E_BUFFER_TYPE.cpp" />
		<Unit filename="../bin/Debug/E_BUFFER_TYPE.hpp" />
		<Unit filename="../bin/Debug/E_COLOR_MATERIAL.cpp" />
		<Unit filename="../bin/Debug/E_COLOR_MATERIAL.hpp" />
		<Unit filename="../bin/Debug/E_DRIVER_TYPE.cpp" />
		<Unit filename="../bin/Debug/E_DRIVER_TYPE.hpp" />
		<Unit filename="../bin/Debug/E_HARDWARE_MAPPING.cpp" />
		<Unit filename="../bin/Debug/E_HARDWARE_MAPPING.hpp" />
		<Unit filename="../bin/Debug/E_MATERIAL_FLAG.cpp" />
		<Unit filename="../bin/Debug/E_MATERIAL_FLAG.hpp" />
		<Unit filename="../bin/Debug/E_MATERIAL_TYPE.cpp" />
		<Unit filename="../bin/Debug/E_MATERIAL_TYPE.hpp" />
		<Unit filename="../bin/Debug/E_MOUSE_BUTTON_STATE_MASK.cpp" />
		<Unit filename="../bin/Debug/E_MOUSE_BUTTON_STATE_MASK.hpp" />
		<Unit filename="../bin/Debug/E_TERRAIN_PATCH_SIZE.cpp" />
		<Unit filename="../bin/Debug/E_TERRAIN_PATCH_SIZE.hpp" />
		<Unit filename="../bin/Debug/E_TRANSFORMATION_STATE.cpp" />
		<Unit filename="../bin/Debug/E_TRANSFORMATION_STATE.hpp" />
		<Unit filename="../bin/Debug/E_VERTEX_TYPE.cpp" />
		<Unit filename="../bin/Debug/E_VERTEX_TYPE.hpp" />
		<Unit filename="../bin/Debug/EntityGroup.cpp" />
		<Unit filename="../bin/Debug/EntityGroup.hpp" />
		<Unit filename="../bin/Debug/EntityIterator.cpp" />
		<Unit filename="../bin/Debug/EntityIterator.hpp" />
		<Unit filename="../bin/Debug/Expr.cpp" />
		<Unit filename="../bin/Debug/Expr.hpp" />
		<Unit filename="../bin/Debug/FlagBits_of_ISceneNode.cpp" />
		<Unit filename="../bin/Debug/FlagBits_of_ISceneNode.hpp" />
		<Unit filename="../bin/Debug/GearConstraint.cpp" />
		<Unit filename="../bin/Debug/GearConstraint.hpp" />
		<Unit filename="../bin/Debug/IAnimatedMesh.cpp" />
		<Unit filename="../bin/Debug/IAnimatedMesh.hpp" />
		<Unit filename="../bin/Debug/IAnimatedMeshSceneNode.cpp" />
		<Unit filename="../bin/Debug/IAnimatedMeshSceneNode.hpp" />
		<Unit filename="../bin/Debug/IAttributes.cpp" />
		<Unit filename="../bin/Debug/IAttributes.hpp" />
		<Unit filename="../bin/Debug/IBaseEntity.cpp" />
		<Unit filename="../bin/Debug/IBaseEntity.hpp" />
		<Unit filename="../bin/Debug/ICameraSceneNode.cpp" />
		<Unit filename="../bin/Debug/ICameraSceneNode.hpp" />
		<Unit filename="../bin/Debug/ICursorControl.cpp" />
		<Unit filename="../bin/Debug/ICursorControl.hpp" />
		<Unit filename="../bin/Debug/IEntitySpace.cpp" />
		<Unit filename="../bin/Debug/IEntitySpace.hpp" />
		<Unit filename="../bin/Debug/IEventReceiver.cpp" />
		<Unit filename="../bin/Debug/IEventReceiver.hpp" />
		<Unit filename="../bin/Debug/IGUIButton.cpp" />
		<Unit filename="../bin/Debug/IGUIButton.hpp" />
		<Unit filename="../bin/Debug/IGUIContextMenu.cpp" />
		<Unit filename="../bin/Debug/IGUIContextMenu.hpp" />
		<Unit filename="../bin/Debug/IGUIEditBox.cpp" />
		<Unit filename="../bin/Debug/IGUIEditBox.hpp" />
		<Unit filename="../bin/Debug/IGUIElement.cpp" />
		<Unit filename="../bin/Debug/IGUIElement.hpp" />
		<Unit filename="../bin/Debug/IGUIEnvironment.cpp" />
		<Unit filename="../bin/Debug/IGUIEnvironment.hpp" />
		<Unit filename="../bin/Debug/IGUIFont.cpp" />
		<Unit filename="../bin/Debug/IGUIFont.hpp" />
		<Unit filename="../bin/Debug/IGUISpinBox.cpp" />
		<Unit filename="../bin/Debug/IGUISpinBox.hpp" />
		<Unit filename="../bin/Debug/IGUIStaticText.cpp" />
		<Unit filename="../bin/Debug/IGUIStaticText.hpp" />
		<Unit filename="../bin/Debug/IGUIToolBar.cpp" />
		<Unit filename="../bin/Debug/IGUIToolBar.hpp" />
		<Unit filename="../bin/Debug/IGeometryCreator.cpp" />
		<Unit filename="../bin/Debug/IGeometryCreator.hpp" />
		<Unit filename="../bin/Debug/IImage.cpp" />
		<Unit filename="../bin/Debug/IImage.hpp" />
		<Unit filename="../bin/Debug/ILightSceneNode.cpp" />
		<Unit filename="../bin/Debug/ILightSceneNode.hpp" />
		<Unit filename="../bin/Debug/IMarkable.cpp" />
		<Unit filename="../bin/Debug/IMarkable.hpp" />
		<Unit filename="../bin/Debug/IMesh.cpp" />
		<Unit filename="../bin/Debug/IMesh.hpp" />
		<Unit filename="../bin/Debug/IMeshBuffer.cpp" />
		<Unit filename="../bin/Debug/IMeshBuffer.hpp" />
		<Unit filename="../bin/Debug/IMeshManipulator.cpp" />
		<Unit filename="../bin/Debug/IMeshManipulator.hpp" />
		<Unit filename="../bin/Debug/IMeshSceneNode.cpp" />
		<Unit filename="../bin/Debug/IMeshSceneNode.hpp" />
		<Unit filename="../bin/Debug/IMobileEntity.cpp" />
		<Unit filename="../bin/Debug/IMobileEntity.hpp" />
		<Unit filename="../bin/Debug/IReferenceCounted.cpp" />
		<Unit filename="../bin/Debug/IReferenceCounted.hpp" />
		<Unit filename="../bin/Debug/ISceneCollisionManager.cpp" />
		<Unit filename="../bin/Debug/ISceneCollisionManager.hpp" />
		<Unit filename="../bin/Debug/ISceneManager.cpp" />
		<Unit filename="../bin/Debug/ISceneManager.hpp" />
		<Unit filename="../bin/Debug/ISceneNode.cpp" />
		<Unit filename="../bin/Debug/ISceneNode.hpp" />
		<Unit filename="../bin/Debug/ISceneNodeAnimator.cpp" />
		<Unit filename="../bin/Debug/ISceneNodeAnimator.hpp" />
		<Unit filename="../bin/Debug/ISceneUserDataSerializer.cpp" />
		<Unit filename="../bin/Debug/ISceneUserDataSerializer.hpp" />
		<Unit filename="../bin/Debug/ISteeringController.cpp" />
		<Unit filename="../bin/Debug/ISteeringController.hpp" />
		<Unit filename="../bin/Debug/ITerrainSceneNode.cpp" />
		<Unit filename="../bin/Debug/ITerrainSceneNode.hpp" />
		<Unit filename="../bin/Debug/ITexture.cpp" />
		<Unit filename="../bin/Debug/ITexture.hpp" />
		<Unit filename="../bin/Debug/ITimer.cpp" />
		<Unit filename="../bin/Debug/ITimer.hpp" />
		<Unit filename="../bin/Debug/ITriangleSelector.cpp" />
		<Unit filename="../bin/Debug/ITriangleSelector.hpp" />
		<Unit filename="../bin/Debug/IVideoDriver.cpp" />
		<Unit filename="../bin/Debug/IVideoDriver.hpp" />
		<Unit filename="../bin/Debug/IrrlichtBulletDebugDrawer.cpp" />
		<Unit filename="../bin/Debug/IrrlichtBulletDebugDrawer.hpp" />
		<Unit filename="../bin/Debug/IrrlichtDevice.cpp" />
		<Unit filename="../bin/Debug/IrrlichtDevice.hpp" />
		<Unit filename="../bin/Debug/KinematicAnimator.cpp" />
		<Unit filename="../bin/Debug/KinematicAnimator.hpp" />
		<Unit filename="../bin/Debug/LangBlock.cpp" />
		<Unit filename="../bin/Debug/LangBlock.hpp" />
		<Unit filename="../bin/Debug/LangBlockExpr.cpp" />
		<Unit filename="../bin/Debug/LangBlockExpr.hpp" />
		<Unit filename="../bin/Debug/ListOfAnim.cpp" />
		<Unit filename="../bin/Debug/ListOfAnim.hpp" />
		<Unit filename="../bin/Debug/ListOfAnimConstIter.cpp" />
		<Unit filename="../bin/Debug/ListOfAnimConstIter.hpp" />
		<Unit filename="../bin/Debug/ListOfAnimIter.cpp" />
		<Unit filename="../bin/Debug/ListOfAnimIter.hpp" />
		<Unit filename="../bin/Debug/LockAnimator.cpp" />
		<Unit filename="../bin/Debug/LockAnimator.hpp" />
		<Unit filename="../bin/Debug/MarkableObjGraph.cpp" />
		<Unit filename="../bin/Debug/MarkableObjGraph.hpp" />
		<Unit filename="../bin/Debug/MeshTools.cpp" />
		<Unit filename="../bin/Debug/MeshTools.hpp" />
		<Unit filename="../bin/Debug/MobGroup.cpp" />
		<Unit filename="../bin/Debug/MobGroup.hpp" />
		<Unit filename="../bin/Debug/MobIterator.cpp" />
		<Unit filename="../bin/Debug/MobIterator.hpp" />
		<Unit filename="../bin/Debug/NativeArray_of_double.cpp" />
		<Unit filename="../bin/Debug/NativeArray_of_double.hpp" />
		<Unit filename="../bin/Debug/NativeArray_of_float.cpp" />
		<Unit filename="../bin/Debug/NativeArray_of_float.hpp" />
		<Unit filename="../bin/Debug/OrientationHelperSceneNode.cpp" />
		<Unit filename="../bin/Debug/OrientationHelperSceneNode.hpp" />
		<Unit filename="../bin/Debug/PHY_ScalarType.cpp" />
		<Unit filename="../bin/Debug/PHY_ScalarType.hpp" />
		<Unit filename="../bin/Debug/PhysicsAnimator.cpp" />
		<Unit filename="../bin/Debug/PhysicsAnimator.hpp" />
		<Unit filename="../bin/Debug/S3DVertex.cpp" />
		<Unit filename="../bin/Debug/S3DVertex.hpp" />
		<Unit filename="../bin/Debug/SColor.cpp" />
		<Unit filename="../bin/Debug/SColor.hpp" />
		<Unit filename="../bin/Debug/SColorf.cpp" />
		<Unit filename="../bin/Debug/SColorf.hpp" />
		<Unit filename="../bin/Debug/SEvent.cpp" />
		<Unit filename="../bin/Debug/SEvent.hpp" />
		<Unit filename="../bin/Debug/SExposedVideoData.cpp" />
		<Unit filename="../bin/Debug/SExposedVideoData.hpp" />
		<Unit filename="../bin/Debug/SGUIEvent.cpp" />
		<Unit filename="../bin/Debug/SGUIEvent.hpp" />
		<Unit filename="../bin/Debug/SJoystickEvent.cpp" />
		<Unit filename="../bin/Debug/SJoystickEvent.hpp" />
		<Unit filename="../bin/Debug/SKeyInput.cpp" />
		<Unit filename="../bin/Debug/SKeyInput.hpp" />
		<Unit filename="../bin/Debug/SKeyMap.cpp" />
		<Unit filename="../bin/Debug/SKeyMap.hpp" />
		<Unit filename="../bin/Debug/SLogEvent.cpp" />
		<Unit filename="../bin/Debug/SLogEvent.hpp" />
		<Unit filename="../bin/Debug/SMaterial.cpp" />
		<Unit filename="../bin/Debug/SMaterial.hpp" />
		<Unit filename="../bin/Debug/SMaterialLayer.cpp" />
		<Unit filename="../bin/Debug/SMaterialLayer.hpp" />
		<Unit filename="../bin/Debug/SMesh.cpp" />
		<Unit filename="../bin/Debug/SMesh.hpp" />
		<Unit filename="../bin/Debug/SMeshBuffer.cpp" />
		<Unit filename="../bin/Debug/SMeshBuffer.hpp" />
		<Unit filename="../bin/Debug/SMouseInput.cpp" />
		<Unit filename="../bin/Debug/SMouseInput.hpp" />
		<Unit filename="../bin/Debug/SUserEvent.cpp" />
		<Unit filename="../bin/Debug/SUserEvent.hpp" />
		<Unit filename="../bin/Debug/SceneNodePtrTest.cpp" />
		<Unit filename="../bin/Debug/SceneNodePtrTest.hpp" />
		<Unit filename="../bin/Debug/ScriptObjAnimator.cpp" />
		<Unit filename="../bin/Debug/ScriptObjAnimator.hpp" />
		<Unit filename="../bin/Debug/ScriptUtil.cpp" />
		<Unit filename="../bin/Debug/ScriptUtil.hpp" />
		<Unit filename="../bin/Debug/ScriptedBaseEntity.cpp" />
		<Unit filename="../bin/Debug/ScriptedBaseEntity.hpp" />
		<Unit filename="../bin/Debug/ScriptedClosestRayResultCallback.cpp" />
		<Unit filename="../bin/Debug/ScriptedClosestRayResultCallback.hpp" />
		<Unit filename="../bin/Debug/ScriptedContactResultCallback.cpp" />
		<Unit filename="../bin/Debug/ScriptedContactResultCallback.hpp" />
		<Unit filename="../bin/Debug/ScriptedDataSerializer.cpp" />
		<Unit filename="../bin/Debug/ScriptedDataSerializer.hpp" />
		<Unit filename="../bin/Debug/ScriptedEntitySpace.cpp" />
		<Unit filename="../bin/Debug/ScriptedEntitySpace.hpp" />
		<Unit filename="../bin/Debug/ScriptedEventReceiver.cpp" />
		<Unit filename="../bin/Debug/ScriptedEventReceiver.hpp" />
		<Unit filename="../bin/Debug/ScriptedMobileEntity.cpp" />
		<Unit filename="../bin/Debug/ScriptedMobileEntity.hpp" />
		<Unit filename="../bin/Debug/ScriptedSceneNode.cpp" />
		<Unit filename="../bin/Debug/ScriptedSceneNode.hpp" />
		<Unit filename="../bin/Debug/ScriptedWorldManager.cpp" />
		<Unit filename="../bin/Debug/ScriptedWorldManager.hpp" />
		<Unit filename="../bin/Debug/Shell.cpp" />
		<Unit filename="../bin/Debug/Shell.hpp" />
		<Unit filename="../bin/Debug/SimpleSteeringController.cpp" />
		<Unit filename="../bin/Debug/SimpleSteeringController.hpp" />
		<Unit filename="../bin/Debug/SoftBodyMeshSynchronizer.cpp" />
		<Unit filename="../bin/Debug/SoftBodyMeshSynchronizer.hpp" />
		<Unit filename="../bin/Debug/SplitMeshResult.cpp" />
		<Unit filename="../bin/Debug/SplitMeshResult.hpp" />
		<Unit filename="../bin/Debug/SurfaceQuadTree.cpp" />
		<Unit filename="../bin/Debug/SurfaceQuadTree.hpp" />
		<Unit filename="../bin/Debug/ThinPlateQuilt.cpp" />
		<Unit filename="../bin/Debug/ThinPlateQuilt.hpp" />
		<Unit filename="../bin/Debug/ThinPlateSpline.cpp" />
		<Unit filename="../bin/Debug/ThinPlateSpline.hpp" />
		<Unit filename="../bin/Debug/TypeIndex.cpp" />
		<Unit filename="../bin/Debug/TypeIndex.hpp" />
		<Unit filename="../bin/Debug/TypeMirror.cpp" />
		<Unit filename="../bin/Debug/TypeMirror.hpp" />
		<Unit filename="../bin/Debug/TypeSystem.cpp" />
		<Unit filename="../bin/Debug/TypeSystem.hpp" />
		<Unit filename="../bin/Debug/Vec.cpp" />
		<Unit filename="../bin/Debug/Vec.hpp" />
		<Unit filename="../bin/Debug/aabbox3df.cpp" />
		<Unit filename="../bin/Debug/aabbox3df.hpp" />
		<Unit filename="../bin/Debug/bool_expr.cpp" />
		<Unit filename="../bin/Debug/bool_expr.hpp" />
		<Unit filename="../bin/Debug/btBoxShape.cpp" />
		<Unit filename="../bin/Debug/btBoxShape.hpp" />
		<Unit filename="../bin/Debug/btBroadphaseInterface.cpp" />
		<Unit filename="../bin/Debug/btBroadphaseInterface.hpp" />
		<Unit filename="../bin/Debug/btBvhTriangleMeshShape.cpp" />
		<Unit filename="../bin/Debug/btBvhTriangleMeshShape.hpp" />
		<Unit filename="../bin/Debug/btCapsuleShape.cpp" />
		<Unit filename="../bin/Debug/btCapsuleShape.hpp" />
		<Unit filename="../bin/Debug/btCollisionConfiguration.cpp" />
		<Unit filename="../bin/Debug/btCollisionConfiguration.hpp" />
		<Unit filename="../bin/Debug/btCollisionDispatcher.cpp" />
		<Unit filename="../bin/Debug/btCollisionDispatcher.hpp" />
		<Unit filename="../bin/Debug/btCollisionObject.cpp" />
		<Unit filename="../bin/Debug/btCollisionObject.hpp" />
		<Unit filename="../bin/Debug/btCollisionShape.cpp" />
		<Unit filename="../bin/Debug/btCollisionShape.hpp" />
		<Unit filename="../bin/Debug/btCollisionWorld.cpp" />
		<Unit filename="../bin/Debug/btCollisionWorld.hpp" />
		<Unit filename="../bin/Debug/btCollisionWorld_ClosestRayResultCallback.cpp" />
		<Unit filename="../bin/Debug/btCollisionWorld_ClosestRayResultCallback.hpp" />
		<Unit filename="../bin/Debug/btCollisionWorld_ContactResultCallback.cpp" />
		<Unit filename="../bin/Debug/btCollisionWorld_ContactResultCallback.hpp" />
		<Unit filename="../bin/Debug/btCollisionWorld_LocalRayResult.cpp" />
		<Unit filename="../bin/Debug/btCollisionWorld_LocalRayResult.hpp" />
		<Unit filename="../bin/Debug/btCollisionWorld_LocalShapeInfo.cpp" />
		<Unit filename="../bin/Debug/btCollisionWorld_LocalShapeInfo.hpp" />
		<Unit filename="../bin/Debug/btCollisionWorld_RayResultCallback.cpp" />
		<Unit filename="../bin/Debug/btCollisionWorld_RayResultCallback.hpp" />
		<Unit filename="../bin/Debug/btCompoundShape.cpp" />
		<Unit filename="../bin/Debug/btCompoundShape.hpp" />
		<Unit filename="../bin/Debug/btConcaveShape.cpp" />
		<Unit filename="../bin/Debug/btConcaveShape.hpp" />
		<Unit filename="../bin/Debug/btConeShape.cpp" />
		<Unit filename="../bin/Debug/btConeShape.hpp" />
		<Unit filename="../bin/Debug/btConeShapeX.cpp" />
		<Unit filename="../bin/Debug/btConeShapeX.hpp" />
		<Unit filename="../bin/Debug/btConeShapeZ.cpp" />
		<Unit filename="../bin/Debug/btConeShapeZ.hpp" />
		<Unit filename="../bin/Debug/btConeTwistConstraint.cpp" />
		<Unit filename="../bin/Debug/btConeTwistConstraint.hpp" />
		<Unit filename="../bin/Debug/btConstraintSolver.cpp" />
		<Unit filename="../bin/Debug/btConstraintSolver.hpp" />
		<Unit filename="../bin/Debug/btCylinderShape.cpp" />
		<Unit filename="../bin/Debug/btCylinderShape.hpp" />
		<Unit filename="../bin/Debug/btCylinderShapeX.cpp" />
		<Unit filename="../bin/Debug/btCylinderShapeX.hpp" />
		<Unit filename="../bin/Debug/btCylinderShapeZ.cpp" />
		<Unit filename="../bin/Debug/btCylinderShapeZ.hpp" />
		<Unit filename="../bin/Debug/btDbvtBroadphase.cpp" />
		<Unit filename="../bin/Debug/btDbvtBroadphase.hpp" />
		<Unit filename="../bin/Debug/btDefaultCollisionConfiguration.cpp" />
		<Unit filename="../bin/Debug/btDefaultCollisionConfiguration.hpp" />
		<Unit filename="../bin/Debug/btDefaultCollisionConstructionInfo.cpp" />
		<Unit filename="../bin/Debug/btDefaultCollisionConstructionInfo.hpp" />
		<Unit filename="../bin/Debug/btDefaultMotionState.cpp" />
		<Unit filename="../bin/Debug/btDefaultMotionState.hpp" />
		<Unit filename="../bin/Debug/btDiscreteDynamicsWorld.cpp" />
		<Unit filename="../bin/Debug/btDiscreteDynamicsWorld.hpp" />
		<Unit filename="../bin/Debug/btDispatcher.cpp" />
		<Unit filename="../bin/Debug/btDispatcher.hpp" />
		<Unit filename="../bin/Debug/btDynamicsWorld.cpp" />
		<Unit filename="../bin/Debug/btDynamicsWorld.hpp" />
		<Unit filename="../bin/Debug/btGeneric6DofConstraint.cpp" />
		<Unit filename="../bin/Debug/btGeneric6DofConstraint.hpp" />
		<Unit filename="../bin/Debug/btGeneric6DofSpringConstraint.cpp" />
		<Unit filename="../bin/Debug/btGeneric6DofSpringConstraint.hpp" />
		<Unit filename="../bin/Debug/btGhostObject.cpp" />
		<Unit filename="../bin/Debug/btGhostObject.hpp" />
		<Unit filename="../bin/Debug/btHeightfieldTerrainShape.cpp" />
		<Unit filename="../bin/Debug/btHeightfieldTerrainShape.hpp" />
		<Unit filename="../bin/Debug/btHingeConstraint.cpp" />
		<Unit filename="../bin/Debug/btHingeConstraint.hpp" />
		<Unit filename="../bin/Debug/btIDebugDraw.cpp" />
		<Unit filename="../bin/Debug/btIDebugDraw.hpp" />
		<Unit filename="../bin/Debug/btIndexedMesh.cpp" />
		<Unit filename="../bin/Debug/btIndexedMesh.hpp" />
		<Unit filename="../bin/Debug/btManifoldPoint.cpp" />
		<Unit filename="../bin/Debug/btManifoldPoint.hpp" />
		<Unit filename="../bin/Debug/btMatrix3x3.cpp" />
		<Unit filename="../bin/Debug/btMatrix3x3.hpp" />
		<Unit filename="../bin/Debug/btMotionState.cpp" />
		<Unit filename="../bin/Debug/btMotionState.hpp" />
		<Unit filename="../bin/Debug/btMultimaterialTriangleMeshShape.cpp" />
		<Unit filename="../bin/Debug/btMultimaterialTriangleMeshShape.hpp" />
		<Unit filename="../bin/Debug/btPairCachingGhostObject.cpp" />
		<Unit filename="../bin/Debug/btPairCachingGhostObject.hpp" />
		<Unit filename="../bin/Debug/btPoint2PointConstraint.cpp" />
		<Unit filename="../bin/Debug/btPoint2PointConstraint.hpp" />
		<Unit filename="../bin/Debug/btQuaternion.cpp" />
		<Unit filename="../bin/Debug/btQuaternion.hpp" />
		<Unit filename="../bin/Debug/btRigidBody.cpp" />
		<Unit filename="../bin/Debug/btRigidBody.hpp" />
		<Unit filename="../bin/Debug/btRigidBodyConstructionInfo.cpp" />
		<Unit filename="../bin/Debug/btRigidBodyConstructionInfo.hpp" />
		<Unit filename="../bin/Debug/btRotationalLimitMotor.cpp" />
		<Unit filename="../bin/Debug/btRotationalLimitMotor.hpp" />
		<Unit filename="../bin/Debug/btSequentialImpulseConstraintSolver.cpp" />
		<Unit filename="../bin/Debug/btSequentialImpulseConstraintSolver.hpp" />
		<Unit filename="../bin/Debug/btSliderConstraint.cpp" />
		<Unit filename="../bin/Debug/btSliderConstraint.hpp" />
		<Unit filename="../bin/Debug/btSoftBody.cpp" />
		<Unit filename="../bin/Debug/btSoftBody.hpp" />
		<Unit filename="../bin/Debug/btSoftBodyHelpers.cpp" />
		<Unit filename="../bin/Debug/btSoftBodyHelpers.hpp" />
		<Unit filename="../bin/Debug/btSoftBodyRigidBodyCollisionConfiguration.cpp" />
		<Unit filename="../bin/Debug/btSoftBodyRigidBodyCollisionConfiguration.hpp" />
		<Unit filename="../bin/Debug/btSoftBodyWorldInfo.cpp" />
		<Unit filename="../bin/Debug/btSoftBodyWorldInfo.hpp" />
		<Unit filename="../bin/Debug/btSoftBody_Config.cpp" />
		<Unit filename="../bin/Debug/btSoftBody_Config.hpp" />
		<Unit filename="../bin/Debug/btSoftRigidDynamicsWorld.cpp" />
		<Unit filename="../bin/Debug/btSoftRigidDynamicsWorld.hpp" />
		<Unit filename="../bin/Debug/btSparseSdf_3.cpp" />
		<Unit filename="../bin/Debug/btSparseSdf_3.hpp" />
		<Unit filename="../bin/Debug/btSphereShape.cpp" />
		<Unit filename="../bin/Debug/btSphereShape.hpp" />
		<Unit filename="../bin/Debug/btStaticPlaneShape.cpp" />
		<Unit filename="../bin/Debug/btStaticPlaneShape.hpp" />
		<Unit filename="../bin/Debug/btStridingMeshInterface.cpp" />
		<Unit filename="../bin/Debug/btStridingMeshInterface.hpp" />
		<Unit filename="../bin/Debug/btTransform.cpp" />
		<Unit filename="../bin/Debug/btTransform.hpp" />
		<Unit filename="../bin/Debug/btTriangleIndexVertexArray.cpp" />
		<Unit filename="../bin/Debug/btTriangleIndexVertexArray.hpp" />
		<Unit filename="../bin/Debug/btTriangleMesh.cpp" />
		<Unit filename="../bin/Debug/btTriangleMesh.hpp" />
		<Unit filename="../bin/Debug/btTriangleMeshShape.cpp" />
		<Unit filename="../bin/Debug/btTriangleMeshShape.hpp" />
		<Unit filename="../bin/Debug/btTypedConstraint.cpp" />
		<Unit filename="../bin/Debug/btTypedConstraint.hpp" />
		<Unit filename="../bin/Debug/btTypedObject.cpp" />
		<Unit filename="../bin/Debug/btTypedObject.hpp" />
		<Unit filename="../bin/Debug/btVector3.cpp" />
		<Unit filename="../bin/Debug/btVector3.hpp" />
		<Unit filename="../bin/Debug/char_expr.cpp" />
		<Unit filename="../bin/Debug/char_expr.hpp" />
		<Unit filename="../bin/Debug/dimension2df.cpp" />
		<Unit filename="../bin/Debug/dimension2df.hpp" />
		<Unit filename="../bin/Debug/dimension2du.cpp" />
		<Unit filename="../bin/Debug/dimension2du.hpp" />
		<Unit filename="../bin/Debug/double_expr.cpp" />
		<Unit filename="../bin/Debug/double_expr.hpp" />
		<Unit filename="../bin/Debug/float_expr.cpp" />
		<Unit filename="../bin/Debug/float_expr.hpp" />
		<Unit filename="../bin/Debug/forward_declares.hpp" />
		<Unit filename="../bin/Debug/int_expr.cpp" />
		<Unit filename="../bin/Debug/int_expr.hpp" />
		<Unit filename="../bin/Debug/irrFsStr.cpp" />
		<Unit filename="../bin/Debug/irrFsStr.hpp" />
		<Unit filename="../bin/Debug/line3df.cpp" />
		<Unit filename="../bin/Debug/line3df.hpp" />
		<Unit filename="../bin/Debug/long_expr.cpp" />
		<Unit filename="../bin/Debug/long_expr.hpp" />
		<Unit filename="../bin/Debug/matrix4.cpp" />
		<Unit filename="../bin/Debug/matrix4.hpp" />
		<Unit filename="../bin/Debug/plane3df.cpp" />
		<Unit filename="../bin/Debug/plane3df.hpp" />
		<Unit filename="../bin/Debug/rectf.cpp" />
		<Unit filename="../bin/Debug/rectf.hpp" />
		<Unit filename="../bin/Debug/recti.cpp" />
		<Unit filename="../bin/Debug/recti.hpp" />
		<Unit filename="../bin/Debug/short.hpp" />
		<Unit filename="../bin/Debug/short_expr.cpp" />
		<Unit filename="../bin/Debug/short_expr.hpp" />
		<Unit filename="../bin/Debug/string_expr.cpp" />
		<Unit filename="../bin/Debug/string_expr.hpp" />
		<Unit filename="../bin/Debug/stringw.cpp" />
		<Unit filename="../bin/Debug/stringw.hpp" />
		<Unit filename="../bin/Debug/triangle3df.cpp" />
		<Unit filename="../bin/Debug/triangle3df.hpp" />
		<Unit filename="../bin/Debug/uchar.hpp" />
		<Unit filename="../bin/Debug/uchar_expr.cpp" />
		<Unit filename="../bin/Debug/uchar_expr.hpp" />
		<Unit filename="../bin/Debug/uint.hpp" />
		<Unit filename="../bin/Debug/uint_expr.cpp" />
		<Unit filename="../bin/Debug/uint_expr.hpp" />
		<Unit filename="../bin/Debug/ulong.cpp" />
		<Unit filename="../bin/Debug/ulong.hpp" />
		<Unit filename="../bin/Debug/ushort.hpp" />
		<Unit filename="../bin/Debug/ushort_expr.cpp" />
		<Unit filename="../bin/Debug/ushort_expr.hpp" />
		<Unit filename="../bin/Debug/vector2df.cpp" />
		<Unit filename="../bin/Debug/vector2df.hpp" />
		<Unit filename="../bin/Debug/vector2di.cpp" />
		<Unit filename="../bin/Debug/vector2di.hpp" />
		<Unit filename="../bin/Debug/vector3df.cpp" />
		<Unit filename="../bin/Debug/vector3df.hpp" />
		<Unit filename="../bin/Debug/vector_of_S3DVertex.cpp" />
		<Unit filename="../bin/Debug/vector_of_S3DVertex.hpp" />
		<Unit filename="../bin/Debug/vector_of_double.cpp" />
		<Unit filename="../bin/Debug/vector_of_double.hpp" />
		<Unit filename="../bin/Debug/vector_of_double_iterator.cpp" />
		<Unit filename="../bin/Debug/vector_of_double_iterator.hpp" />
		<Unit filename="../bin/Debug/vector_of_float.cpp" />
		<Unit filename="../bin/Debug/vector_of_float.hpp" />
		<Unit filename="../bin/Debug/vector_of_float_iterator.cpp" />
		<Unit filename="../bin/Debug/vector_of_float_iterator.hpp" />
		<Unit filename="../bin/Debug/vector_of_int.cpp" />
		<Unit filename="../bin/Debug/vector_of_int.hpp" />
		<Unit filename="../bin/Debug/vector_of_short.cpp" />
		<Unit filename="../bin/Debug/vector_of_short.hpp" />
		<Unit filename="../bin/Debug/vector_of_string.cpp" />
		<Unit filename="../bin/Debug/vector_of_string.hpp" />
		<Unit filename="../bin/Debug/vector_of_uint.cpp" />
		<Unit filename="../bin/Debug/vector_of_uint.hpp" />
		<Unit filename="../bin/Debug/vector_of_ushort.cpp" />
		<Unit filename="../bin/Debug/vector_of_ushort.hpp" />
		<Unit filename="../bin/Debug/vector_of_vector3df.cpp" />
		<Unit filename="../bin/Debug/vector_of_vector3df.hpp" />
		<Unit filename="../bin/Debug/void.hpp" />
		<Unit filename="../bin/Debug/wchar_t.hpp" />
		<Unit filename="../bin/Debug/wchar_t_expr.cpp" />
		<Unit filename="../bin/Debug/wchar_t_expr.hpp" />
		<Unit filename="../bin/Debug/wstring.hpp" />
		<Unit filename="../bin/Debug/wstring_expr.cpp" />
		<Unit filename="../bin/Debug/wstring_expr.hpp" />
		<Unit filename="Avatar/Camera.io.inl" />
		<Unit filename="Avatar/Component.io.inl" />
		<Unit filename="Avatar/Config.io.inl" />
		<Unit filename="Avatar/KeyInputs.io.inl" />
		<Unit filename="Avatar/NodeAttribute.io.inl" />
		<Unit filename="Avatar/PlayerStyle.io.inl" />
		<Unit filename="Bullet/BodyBuilder.io.inl" />
		<Unit filename="Bullet/Component.io.inl" />
		<Unit filename="Bullet/Config.io.inl" />
		<Unit filename="Bullet/ConstraintBuilder.io.inl" />
		<Unit filename="Bullet/ConstraintObj.io.inl" />
		<Unit filename="Bullet/NodeAttribute.io.inl" />
		<Unit filename="Bullet/PhysicsShapes.io.inl" />
		<Unit filename="Bullet/Sense.io.inl" />
		<Unit filename="Bullet/ShapeBuilder.io.inl" />
		<Unit filename="Bullet/ShapeOffsets.io.inl" />
		<Unit filename="Config.io.inl" />
		<Unit filename="Demo/Config.io.inl" />
		<Unit filename="Desteer/Config.io.inl" />
		<Unit filename="Desteer/Steering.io.inl" />
		<Unit filename="EditorGUI/Component.io.inl" />
		<Unit filename="EditorGUI/Config.io.inl" />
		<Unit filename="EditorGUI/Toolbar.io.inl" />
		<Unit filename="Interactions/Component/AvatarTime.io.inl" />
		<Unit filename="Interactions/Component/BulletTime.io.inl" />
		<Unit filename="Interactions/Component/ComponentInteraction.io.inl" />
		<Unit filename="Interactions/Component/Config.io.inl" />
		<Unit filename="Interactions/Component/DebugDrawer.io.inl" />
		<Unit filename="Interactions/Component/IrrlichtKeyInput.io.inl" />
		<Unit filename="Interactions/Component/IrrlichtTime.io.inl" />
		<Unit filename="Interactions/Component/LoadEditorGUI.io.inl" />
		<Unit filename="Interactions/Config.io.inl" />
		<Unit filename="Interactions/Link/BulletMouseDrag.io.inl" />
		<Unit filename="Interactions/Link/CameraFollowObject.io.inl" />
		<Unit filename="Interactions/Link/Config.io.inl" />
		<Unit filename="Interactions/Link/IrrlichtMouseDrag.io.inl" />
		<Unit filename="Interactions/Link/LinkInteraction.io.inl" />
		<Unit filename="Interactions/Link/SelectNode.io.inl" />
		<Unit filename="Interactions/Node/AddScriptObjAnim.io.inl" />
		<Unit filename="Interactions/Node/Config.io.inl" />
		<Unit filename="Interactions/Node/IrrlichtCamera.io.inl" />
		<Unit filename="Interactions/Node/MotionState.io.inl" />
		<Unit filename="Interactions/Node/NodeInteraction.io.inl" />
		<Unit filename="Interactions/Node/PlayerNoPhysSleep.io.inl" />
		<Unit filename="Interactions/Node/PlayerPhysics.io.inl" />
		<Unit filename="Irrlicht/Assets.io.inl" />
		<Unit filename="Irrlicht/Camera.io.inl" />
		<Unit filename="Irrlicht/Component.io.inl" />
		<Unit filename="Irrlicht/Config.io.inl" />
		<Unit filename="Irrlicht/DisplayShapes.io.inl" />
		<Unit filename="Irrlicht/NodeAttribute.io.inl" />
		<Unit filename="Irrlicht/SceneNodeBuilder.io.inl" />
		<Unit filename="Irrlicht/SceneNodes.io.inl" />
		<Unit filename="Irrlicht/ShapeBuilder.io.inl" />
		<Unit filename="Irrlicht/UserInterface/Config.io.inl" />
		<Unit filename="Irrlicht/UserInterface/EventDispatch.io.inl" />
		<Unit filename="Irrlicht/UserInterface/GuiEvents.io.inl" />
		<Unit filename="Irrlicht/UserInterface/Keyboard.io.inl" />
		<Unit filename="Irrlicht/UserInterface/Menu.io.inl" />
		<Unit filename="Irrlicht/UserInterface/Mouse.io.inl" />
		<Unit filename="Irrlicht/UserInterface/MouseDragLinkAttribute.io.inl" />
		<Unit filename="Irrlicht/UserInterface/SceneNodeSelector.io.inl" />
		<Unit filename="LevelSystem/Config.io.inl" />
		<Unit filename="LevelSystem/LevelEditor.io.inl" />
		<Unit filename="LevelSystem/Props.io.inl" />
		<Unit filename="LevelSystem/Terrain.io.inl" />
		<Unit filename="LevelSystem/Tile.io.inl" />
		<Unit filename="Loader.io.inl" />
		<Unit filename="Model/Config.io.inl" />
		<Unit filename="Model/Domain.io.inl" />
		<Unit filename="Model/Graph.io.inl" />
		<Unit filename="Model/Interaction.io.inl" />
		<Unit filename="Model/Link.io.inl" />
		<Unit filename="Model/Node.io.inl" />
		<Unit filename="Model/Referent.io.inl" />
		<Unit filename="Model/Structure.io.inl" />
		<Unit filename="Model/Time.io.inl" />
		<Unit filename="Module.io.inl" />
		<Unit filename="RunDemo.io.inl" />
		<Unit filename="Scripts.io.inl" />
		<Unit filename="SharedTypes/Color.io.inl" />
		<Unit filename="SharedTypes/Config.io.inl" />
		<Unit filename="SharedTypes/EnumMap.io.inl" />
		<Unit filename="SharedTypes/IdMap.io.inl" />
		<Unit filename="Startup.io.inl" />
		<Unit filename="Styles/Config.io.inl" />
		<Unit filename="Styles/ConstraintStyle.io.inl" />
		<Unit filename="Styles/ConstraintStyles.io.inl" />
		<Unit filename="Styles/GameObjStyle.io.inl" />
		<Unit filename="Styles/GameObjStyles.io.inl" />
		<Unit filename="Styles/LinkStyle.io.inl" />
		<Unit filename="Styles/LinkStyles.io.inl" />
		<Unit filename="Styles/MountStyle.io.inl" />
		<Unit filename="UnitTests/Config.io.inl" />
		<Unit filename="UnitTests/TestCameraLookAt.io.inl" />
		<Unit filename="UnitTests/TestScriptObjAnim.io.inl" />
		<Unit filename="UserInterface/Config.io.inl" />
		<Unit filename="UserInterface/MainWindow.io.inl" />
		<Unit filename="UserInterface/Menu.io.inl" />
		<Unit filename="UserInterface/UserInterfaceRepresentation.io.inl" />
		<Extensions>
			<code_completion />
			<debugger />
			<envvars />
		</Extensions>
	</Project>
</CodeBlocks_project_file>
