<?xml version="1.0" encoding="UTF-8" standalone="yes" ?>
<CodeBlocks_project_file>
	<FileVersion major="1" minor="6" />
	<Project>
		<Option title="LikeMagicUnitTests" />
		<Option pch_mode="2" />
		<Option compiler="gcc" />
		<Build>
			<Target title="Debug Windows">
				<Option output="../../bin/Debug/LikeMagicUnitTests" prefix_auto="1" extension_auto="1" />
				<Option working_dir="../../../GameBindings" />
				<Option object_output="obj/Debug/" />
				<Option type="1" />
				<Option compiler="gcc" />
				<Compiler>
					<Add option="-std=c++11" />
					<Add option="-g" />
					<Add option="-DUSE_DLL_BUILD" />
				</Compiler>
				<Linker>
					<Add library="..\StdBindings\libStdBindings-Windows.a" />
					<Add library="..\libLikeMagic-Windows.a" />
					<Add library="..\..\Common\UnitTest++\bin\Debug\libUnitTest++.a" />
				</Linker>
			</Target>
			<Target title="Debug Mac">
				<Option output="bin/Debug/LikeMagicUnitTests" prefix_auto="1" extension_auto="1" />
				<Option object_output="obj/Debug/" />
				<Option type="1" />
				<Option compiler="gcc" />
				<Compiler>
					<Add option="-std=c++0x" />
					<Add option="-g" />
				</Compiler>
				<Linker>
					<Add library="..\StdBindings\libStdBindings-Mac.a" />
					<Add library="..\libLikeMagic-Mac.a" />
					<Add library="..\..\Common\UnitTest++\bin\Debug\libUnitTest++.a" />
				</Linker>
			</Target>
		</Build>
		<Compiler>
			<Add option="-Wall" />
			<Add option="-fexceptions" />
			<Add directory="Include" />
			<Add directory="../Include" />
			<Add directory="../StdBindings/Include" />
			<Add directory="../../Common/boost_1_54_0" />
			<Add directory="../../Common/UnitTest++/src" />
		</Compiler>
		<Unit filename="Include/UnitTests/ArgListHelpers.hpp" />
		<Unit filename="Include/UnitTests/TestHelpers.hpp" />
		<Unit filename="Source/TestArgTransporter.cpp" />
		<Unit filename="Source/TestBinding.cpp" />
		<Unit filename="Source/TestMarshalByCopyConstructor.cpp" />
		<Unit filename="Source/TestTerms.cpp" />
		<Unit filename="Source/TestTypeSystem.cpp" />
		<Unit filename="Source/main.cpp" />
		<Extensions>
			<code_completion />
			<envvars />
			<debugger />
			<lib_finder disable_auto="1" />
		</Extensions>
	</Project>
</CodeBlocks_project_file>
