<?xml version="1.0" encoding="UTF-8" standalone="yes" ?>
<CodeBlocks_project_file>
	<FileVersion major="1" minor="6" />
	<Project>
		<Option title="LikeMagicUnitTests" />
		<Option pch_mode="2" />
		<Option compiler="gcc" />
		<Build>
			<Target title="Debug Windows">
				<Option platforms="Windows;" />
				<Option output="../../bin/Debug/LikeMagicUnitTests" prefix_auto="1" extension_auto="1" />
				<Option working_dir="../../../GameBindings" />
				<Option object_output="obj/Debug/" />
				<Option type="1" />
				<Option compiler="gcc" />
				<Compiler>
					<Add option="-std=c++11" />
					<Add option="-g" />
					<Add option="-DUSE_DLL_BUILD" />
				</Compiler>
				<Linker>
					<Add library="../../Common/UnitTest++/bin/Debug/libUnitTest++.a" />
					<Add library="../../bin/Debug/libStdBindings-Windows.a" />
					<Add library="../../bin/Debug/libLikeMagic-Windows.a" />
				</Linker>
			</Target>
			<Target title="Debug Mac">
				<Option platforms="Mac;" />
				<Option output="bin/Debug/LikeMagicUnitTests" prefix_auto="1" extension_auto="1" />
				<Option object_output="obj/Debug/" />
				<Option type="1" />
				<Option compiler="gcc" />
				<Compiler>
					<Add option="-std=c++0x" />
					<Add option="-g" />
				</Compiler>
				<Linker>
					<Add library="../StdBindings/libStdBindings-Mac.a" />
					<Add library="../libLikeMagic-Mac.a" />
					<Add library="../../Common/UnitTest++/bin/Debug/libUnitTest++.a" />
				</Linker>
			</Target>
			<Target title="Debug Linux">
				<Option platforms="Unix;" />
				<Option output="../../bin/Debug/LikeMagicUnitTests" prefix_auto="1" extension_auto="1" />
				<Option working_dir="../../bin/Debug" />
				<Option object_output="obj/Debug/" />
				<Option type="1" />
				<Option compiler="gcc" />
				<Compiler>
					<Add option="-std=c++11" />
					<Add option="-g" />
					<Add option="-fPIC" />
				</Compiler>
				<Linker>
					<Add option="-lrt" />
					<Add option="-lpthread" />
					<Add option="-L../../bin/Debug" />
					<Add option="-Wl,-rpath=./" />
					<Add option="-ldl" />
					<Add library="../../Common/UnitTest++/bin/Debug/libUnitTest++.a" />
					<Add library="libLikeMagic-Linux" />
					<Add library="libStdBindings-Linux" />
					<Add library="libIocaste-Linux" />
					<Add library="../../Common/boost_1_54_0/stage/lib/libboost_program_options.a" />
				</Linker>
			</Target>
		</Build>
		<Compiler>
			<Add option="-Wall" />
			<Add option="-fexceptions" />
			<Add directory="Include" />
			<Add directory="../Include" />
			<Add directory="../StdBindings/Include" />
			<Add directory="../../Common/boost_1_54_0" />
			<Add directory="../../Common/UnitTest++/src" />
			<Add directory="../../Iocaste/Include" />
			<Add directory="../../Iocaste/iovm/source" />
			<Add directory="../../Iocaste/basekit/source" />
			<Add directory="../../Iocaste/garbagecollector/source" />
			<Add directory="../../Iocaste/Include/Iocaste/CShims" />
		</Compiler>
		<Unit filename="Include/UnitTests/ArgListHelpers.hpp" />
		<Unit filename="Include/UnitTests/TestHelpers.hpp" />
		<Unit filename="Source/TestArgTransporter.cpp" />
		<Unit filename="Source/TestBinding.cpp" />
		<Unit filename="Source/TestEnums.cpp" />
		<Unit filename="Source/TestIoVM.cpp" />
		<Unit filename="Source/TestMapIntIoObject.cpp" />
		<Unit filename="Source/TestMarshalByCopyConstructor.cpp" />
		<Unit filename="Source/TestTerms.cpp" />
		<Unit filename="Source/TestTypeSystem.cpp" />
		<Unit filename="Source/main.cpp" />
		<Unit filename="Untitled13-94]U]V-C0IE" />
		<Extensions>
			<code_completion />
			<envvars />
			<debugger>
				<search_path add="../Include" />
				<search_path add="Include" />
				<search_path add="../StdBindings/Include/LikeMagic" />
				<search_path add="../../Iocaste/Include" />
			</debugger>
			<lib_finder disable_auto="1" />
		</Extensions>
	</Project>
</CodeBlocks_project_file>
