<?xml version="1.0" encoding="UTF-8" standalone="yes" ?>
<CodeBlocks_project_file>
	<FileVersion major="1" minor="6" />
	<Project>
		<Option title="StdBindings" />
		<Option pch_mode="2" />
		<Option compiler="gcc" />
		<Build>
			<Target title="Debug Linux">
				<Option platforms="Unix;" />
				<Option output="StdBindings-Linux" prefix_auto="1" extension_auto="1" />
				<Option working_dir="" />
				<Option object_output="obj/Debug-Linux/" />
				<Option type="2" />
				<Option compiler="gcc" />
				<Option createDefFile="1" />
				<Compiler>
					<Add option="-Wall" />
					<Add option="-g" />
				</Compiler>
			</Target>
			<Target title="Release Linux">
				<Option platforms="Unix;" />
				<Option output="StdBindings-Linux" prefix_auto="1" extension_auto="1" />
				<Option working_dir="" />
				<Option object_output="obj/Release-Linux/" />
				<Option type="2" />
				<Option compiler="gcc" />
				<Option createDefFile="1" />
				<Compiler>
					<Add option="-Wall" />
					<Add option="-O2" />
				</Compiler>
				<Linker>
					<Add option="-s" />
				</Linker>
			</Target>
			<Target title="Debug Mac">
				<Option platforms="Mac;" />
				<Option output="StdBindings-Mac" prefix_auto="1" extension_auto="1" />
				<Option working_dir="" />
				<Option object_output="obj/Debug-Mac/" />
				<Option type="2" />
				<Option compiler="gcc" />
				<Option createDefFile="1" />
				<Compiler>
					<Add option="-Wall" />
					<Add option="-g" />
				</Compiler>
				<ExtraCommands>
					<Add before="rm -f libStdBindings-Mac.a" />
					<Mode after="always" />
				</ExtraCommands>
			</Target>
			<Target title="Debug Windows">
				<Option platforms="Windows;" />
				<Option output="StdBindings-Windows" prefix_auto="1" extension_auto="1" />
				<Option object_output="obj/Debug-Windows/" />
				<Option type="3" />
				<Option compiler="gcc" />
				<Option createDefFile="1" />
				<Option createStaticLib="1" />
				<Compiler>
					<Add option="-Wall" />
					<Add option="-g" />
					<Add option="-DUSE_DLL_BUILD" />
					<Add option="-DBUILDING_DLL_STD_BINDINGS" />
				</Compiler>
				<Linker>
					<Add library="..\libLikeMagic-Windows.a" />
				</Linker>
			</Target>
		</Build>
		<Compiler>
			<Add option="-fexceptions" />
			<Add option="--std=c++0x" />
			<Add option="-Werror=return-type" />
			<Add option="-Werror=implicit-function-declaration" />
			<Add option="-fdiagnostics-show-option" />
			<Add option="-Wno-unused-variable" />
			<Add option="-Wno-unused-parameter" />
			<Add option="-Wno-deprecated" />
			<Add option="-Wno-ignored-qualifiers" />
			<Add option="-DBUILDING_DLL_STD_BINDINGS" />
			<Add directory="Include" />
			<Add directory="../Include" />
			<Add directory="../../Common/boost_1_54_0" />
			<Add directory="../../Iocaste/iovm/source" />
			<Add directory="../../Iocaste/basekit/source" />
			<Add directory="../../Iocaste/garbagecollector/source" />
			<Add directory="../../Iocaste/Include/Iocaste/CShims" />
		</Compiler>
		<Unit filename="Include/LikeMagic/StdBindings/StdBindings.hpp" />
		<Unit filename="Source/StdBindings.cpp" />
		<Extensions>
			<code_completion />
			<debugger />
			<envvars />
		</Extensions>
	</Project>
</CodeBlocks_project_file>
