<?xml version="1.0" encoding="UTF-8" standalone="yes" ?>
<CodeBlocks_project_file>
	<FileVersion major="1" minor="6" />
	<Project>
		<Option title="IocasteDebugger" />
		<Option pch_mode="2" />
		<Option compiler="gcc" />
		<Build>
			<Target title="Debug Mac">
				<Option platforms="Unix;Mac;" />
				<Option output="bin/Debug/Debugger" prefix_auto="1" extension_auto="1" />
				<Option object_output="obj/Debug/" />
				<Option type="1" />
				<Option compiler="gcc" />
				<Compiler>
					<Add option="-g" />
				</Compiler>
				<Linker>
					<Add library="../../Common/boost_1_49_0/build-gcc/libboost_thread.a" />
					<Add library="../../Common/boost_1_49_0/build-gcc/libboost_system.a" />
					<Add library="../../Common/boost_1_49_0/build-gcc/libboost_exception.a" />
					<Add library="../../Common/boost_1_49_0/build-gcc/libboost_filesystem.a" />
				</Linker>
			</Target>
			<Target title="Debug Linux">
				<Option platforms="Unix;" />
				<Option output="bin/Debug/Debugger" prefix_auto="1" extension_auto="1" />
				<Option object_output="obj/Debug/" />
				<Option type="1" />
				<Option compiler="gcc" />
				<Option parameters="--replay-log test1.log" />
				<Compiler>
					<Add option="-g" />
				</Compiler>
				<Linker>
					<Add option="-pthread" />
					<Add library="librt" />
					<Add library="../../Common/boost_1_54_0/stage/lib/libboost_exception.a" />
					<Add library="../../Common/boost_1_54_0/stage/lib/libboost_filesystem.a" />
					<Add library="../../Common/boost_1_54_0/stage/lib/libboost_system.a" />
					<Add library="../../Common/boost_1_54_0/stage/lib/libboost_thread.a" />
					<Add library="../../Common/boost_1_54_0/stage/lib/libboost_chrono.a" />
				</Linker>
			</Target>
			<Target title="Debug Windows">
				<Option platforms="Windows;Unix;" />
				<Option output="bin/Debug/Debugger" prefix_auto="1" extension_auto="1" />
				<Option object_output="obj/Debug/" />
				<Option type="1" />
				<Option compiler="gcc" />
				<Compiler>
					<Add option="-g" />
					<Add option="-DNO_LOAD_GDB" />
				</Compiler>
			</Target>
		</Build>
		<Compiler>
			<Add option="-Wall" />
			<Add option="-fexceptions" />
			<Add option="--std=c++0x" />
			<Add option="-DBOOST_THREAD_USE_LIB" />
			<Add directory="Include" />
			<Add directory="../../LikeMagic/Include" />
			<Add directory="../../Common/process" />
			<Add directory="../../Common/boost_1_54_0" />
		</Compiler>
		<Unit filename="Include/AbstractAdapter.hpp" />
		<Unit filename="Include/AbstractInput.hpp" />
		<Unit filename="Include/AbstractInputOutput.hpp" />
		<Unit filename="Include/AbstractOutput.hpp" />
		<Unit filename="Include/ActivityLog.hpp" />
		<Unit filename="Include/ActivityLogLine.hpp" />
		<Unit filename="Include/BreakpointManager.hpp" />
		<Unit filename="Include/BreakpointMap.hpp" />
		<Unit filename="Include/ChainBuilder.hpp" />
		<Unit filename="Include/ChainPolicy.hpp" />
		<Unit filename="Include/ChainPolicy.hpp.cbTemp" />
		<Unit filename="Include/CharInput.hpp" />
		<Unit filename="Include/Configuration.hpp" />
		<Unit filename="Include/Exception.hpp" />
		<Unit filename="Include/GdbResponseHandler.hpp" />
		<Unit filename="Include/GdbResponseParser.hpp" />
		<Unit filename="Include/GdbResponseWriter.hpp" />
		<Unit filename="Include/InputChain.hpp" />
		<Unit filename="Include/InputChainComponents.hpp" />
		<Unit filename="Include/LineInput.hpp" />
		<Unit filename="Include/LogChannel.hpp" />
		<Unit filename="Include/LogChannelWithPrompt.hpp" />
		<Unit filename="Include/LookForPrompt.hpp" />
		<Unit filename="Include/MainChannels.hpp" />
		<Unit filename="Include/ParseGrammars.hpp" />
		<Unit filename="Include/Queue.hpp" />
		<Unit filename="Include/RecombinePrompt.hpp" />
		<Unit filename="Include/Rules/Actionable.hpp" />
		<Unit filename="Include/Rules/GdbBanner.hpp" />
		<Unit filename="Include/Rules/GdbValue.hpp" />
		<Unit filename="Include/Rules/RuleStructs.hpp" />
		<Unit filename="Include/Rules/SharedTypes.hpp" />
		<Unit filename="Include/Rules/Unactionable.hpp" />
		<Unit filename="Include/SharedTypes.hpp" />
		<Unit filename="Include/SharedTypesFusion.hpp" />
		<Unit filename="Include/SharedTypesPrinter.hpp" />
		<Unit filename="Include/SpiritMacros.hpp" />
		<Unit filename="Include/StaticFuture.hpp" />
		<Unit filename="Include/StepStateManager.hpp" />
		<Unit filename="Include/StreamOutput.hpp" />
		<Unit filename="Include/StringEscapeWriter.hpp" />
		<Unit filename="Include/StringEscaper.hpp" />
		<Unit filename="Include/StringUnescapeParser.hpp" />
		<Unit filename="Include/StringWithPrompt.hpp" />
		<Unit filename="Include/TestPlan.hpp" />
		<Unit filename="Include/TypePolicy.hpp" />
		<Unit filename="Include/UserCmd.hpp" />
		<Unit filename="Include/UserCmdFusion.hpp" />
		<Unit filename="Include/UserCmdHandler.hpp" />
		<Unit filename="Include/UserCmdParser.hpp" />
		<Unit filename="Include/UserCmdWriter.hpp" />
		<Unit filename="Include/WatchManager.hpp" />
		<Unit filename="Include/Worker.hpp" />
		<Unit filename="Include/WriteGrammars.hpp" />
		<Unit filename="Include/what_is_the_attr.hpp" />
		<Unit filename="Source/AbstractDestructors.cpp" />
		<Unit filename="Source/ActivityLog.cpp" />
		<Unit filename="Source/ActivityLogLine.cpp">
			<Option compiler="gcc" use="0" buildCommand="$compiler -Os -Wall -fexceptions --std=c++0x -DNO_LOAD_GDB -DBOOST_THREAD_USE_LIB $includes -c $file -o $object" />
		</Unit>
		<Unit filename="Source/BreakpointManager.cpp">
			<Option compiler="gcc" use="0" buildCommand="gcc -E -dD $options $includes -c $file -o $object" />
		</Unit>
		<Unit filename="Source/CharInput.cpp" />
		<Unit filename="Source/Configuration.cpp" />
		<Unit filename="Source/Exception.cpp" />
		<Unit filename="Source/GdbBannerParseGrammar.cpp" />
		<Unit filename="Source/GdbResponseHandler.cpp" />
		<Unit filename="Source/GdbResponseParseGrammar.cpp" />
		<Unit filename="Source/GdbResponseParser.cpp">
			<Option compiler="gcc" use="0" buildCommand="$compiler -s -Os -Wall -fexceptions --std=c++0x -DNO_LOAD_GDB -DBOOST_THREAD_USE_LIB $includes -c $file -o $object" />
		</Unit>
		<Unit filename="Source/GdbResponseWriteGrammar.cpp" />
		<Unit filename="Source/GdbResponseWriter.cpp">
			<Option compiler="gcc" use="0" buildCommand="$compiler -Os -Wall -fexceptions --std=c++0x -DNO_LOAD_GDB -DBOOST_THREAD_USE_LIB $includes -c $file -o $object" />
		</Unit>
		<Unit filename="Source/GdbValueParseGrammar.cpp" />
		<Unit filename="Source/GdbValueWriteGrammar.cpp" />
		<Unit filename="Source/LineInput.cpp" />
		<Unit filename="Source/LogChannel.cpp" />
		<Unit filename="Source/LogChannelWithPrompt.cpp" />
		<Unit filename="Source/LookForPrompt.cpp" />
		<Unit filename="Source/RecombinePrompt.cpp" />
		<Unit filename="Source/StepStateManager.cpp" />
		<Unit filename="Source/StreamOutput.cpp" />
		<Unit filename="Source/StringEscapeWriter.cpp" />
		<Unit filename="Source/StringUnescapeParser.cpp" />
		<Unit filename="Source/TestCompile.cpp" />
		<Unit filename="Source/TestPlan.cpp" />
		<Unit filename="Source/UserCmdHandler.cpp" />
		<Unit filename="Source/UserCmdParser.cpp">
			<Option compiler="gcc" use="0" buildCommand="$compiler -Os -Wall -fexceptions --std=c++0x -DNO_LOAD_GDB -DBOOST_THREAD_USE_LIB $includes -c $file -o $object" />
		</Unit>
		<Unit filename="Source/UserCmdWriter.cpp">
			<Option compiler="gcc" use="0" buildCommand="$compiler -Os -Wall -fexceptions --std=c++0x -DNO_LOAD_GDB -DBOOST_THREAD_USE_LIB $includes -c $file -o $object" />
		</Unit>
		<Unit filename="Source/UserCmdWriter.cpp.cbTemp" />
		<Unit filename="Source/WatchManager.cpp" />
		<Unit filename="Source/Worker.cpp" />
		<Unit filename="Source/main.cpp" />
		<Extensions>
			<code_completion />
			<debugger />
			<envvars />
		</Extensions>
	</Project>
</CodeBlocks_project_file>
