<?xml version="1.0" encoding="UTF-8" standalone="yes" ?>
<CodeBlocks_project_file>
	<FileVersion major="1" minor="6" />
	<Project>
		<Option title="GameInterpreter" />
		<Option pch_mode="2" />
		<Option default_target="Debug Mac" />
		<Option compiler="gcc" />
		<Build>
			<Target title="Debug Linux">
				<Option platforms="Unix;" />
				<Option output="bin/Debug/LikeMagicDebugBuild" prefix_auto="1" extension_auto="1" />
				<Option working_dir="./" />
				<Option object_output="obj/Debug/" />
				<Option external_deps="../../LikeMagic/libLikeMagic-Linux.a;" />
				<Option type="1" />
				<Option compiler="gcc" />
				<Option use_console_runner="0" />
				<Option parameters="../../Iocaste/iovm/io/ ../Engine/Startup.io.inl ../../../wayup/Startup.io.inl" />
				<Compiler>
					<Add option="-g" />
					<Add option="-DNO_USE_DMALLOC" />
					<Add option="-D_IRR_STATIC_LIB_" />
					<Add option="-D_DEBUG" />
					<Add directory="../Deps/irrlicht/include" />
				</Compiler>
				<Linker>
					<Add option="-Xlinker --no-as-needed" />
					<Add option="-lGL" />
					<Add option="-lXxf86vm" />
					<Add option="-lXext" />
					<Add option="-lX11" />
					<Add option="-ldl" />
					<Add option="-lpthread" />
					<Add option="-v" />
					<Add library="../../desteer/bindings/libDESteerBindings.a" />
					<Add library="../../desteer/lib/libdesteer.a" />
					<Add library="../../LikeMagic/StdBindings/libStdBindings-Linux.a" />
					<Add library="../../LikeMagic/libLikeMagic-Linux.a" />
					<Add library="../../Iocaste/libIocaste-Linux.a" />
					<Add library="../libGameBindings-Linux.a" />
					<Add library="../Deps/tps-1.2/ThinPlateSpline/bin/Debug/libThinPlateSpline.a" />
					<Add library="../libBullet-Linux.a" />
					<Add library="../Deps/irrlicht-1.7.3/lib/Linux/libIrrlicht-Linux.a" />
				</Linker>
			</Target>
			<Target title="Debug Mac">
				<Option platforms="Mac;" />
				<Option output="bin/Debug/LikeMagicDebugBuild" prefix_auto="1" extension_auto="1" />
				<Option working_dir="../../Interpreter" />
				<Option object_output="obj/Debug/" />
				<Option external_deps="../../LikeMagic/libLikeMagic-Mac.a;" />
				<Option type="1" />
				<Option compiler="gcc" />
				<Option use_console_runner="0" />
				<Option parameters="/Users/dennisferron/code/wayup/Engine/Startup.io.inl" />
				<Compiler>
					<Add option="-g" />
					<Add option="-DNO_USE_DMALLOC" />
					<Add directory="../IrrlichtTest" />
				</Compiler>
				<Linker>
					<Add option="-ldl" />
					<Add option="-lpthread" />
					<Add option="-L/Users/dennisferron/code/LikeMagic-All/Interpreter/bin/Debug" />
					<Add option="-F/Users/dennisferron/code/LikeMagic-All/Interpreter/bin/Debug" />
					<Add option="-framework Foundation" />
					<Add option="-framework AppKit" />
					<Add option="-framework Cocoa" />
					<Add option="-framework OpenGL" />
					<Add option="-framework Carbon" />
					<Add option="-framework IOKit" />
					<Add option="-v" />
					<Add library="../libGameBindings-Mac.a" />
					<Add library="../libBullet-Mac.a" />
					<Add library="../Deps/irrlicht-1.8-unstable/lib/libIrrlichtObjFiles-Mac.a" />
					<Add library="../Deps/irrlicht-1.8-unstable/lib/libIrrlicht-Mac.a" />
					<Add library="../../desteer/bindings/libDESteerBindings-Mac.a" />
					<Add library="../../LikeMagic/StdBindings/libStdBindings-Mac.a" />
					<Add library="../Deps/tps-1.2/ThinPlateSpline/bin/Debug/libThinPlateSpline.a" />
					<Add library="../../desteer/lib/libdesteer.a" />
					<Add library="../../Iocaste/libIocaste-Mac.a" />
					<Add library="../../LikeMagic/libLikeMagic-Mac.a" />
				</Linker>
				<ExtraCommands>
					<Add before="./delete-if-older.sh bin/Debug/LikeMagicDebugBuild  ../../desteer/lib/libdesteer.a ../../desteer/bindings/libDESteerBindings.a   ../libGameBindings-Linux.a" />
					<Mode after="always" />
				</ExtraCommands>
			</Target>
			<Target title="Debug Windows">
				<Option platforms="Windows;" />
				<Option output="bin/Debug/LikeMagicDebugBuild" prefix_auto="1" extension_auto="1" />
				<Option working_dir="../../Interpreter" />
				<Option object_output="obj/Debug/" />
				<Option external_deps="../../LikeMagic/libLikeMagic-Linux.a;../Deps/irrlicht-1.7.3/lib/Win32-gcc/libIrrlicht.a;" />
				<Option additional_output="bin/Debug/LikeMagicDebugBuild.exe;" />
				<Option type="1" />
				<Option compiler="gcc" />
				<Option use_console_runner="0" />
				<Option parameters="../Engine/Startup.io.inl" />
				<Option projectLinkerOptionsRelation="1" />
				<Compiler>
					<Add option="-g" />
					<Add option="-DNO_USE_DMALLOC" />
					<Add option="-DNO_USE_DLL_BUILD" />
					<Add option="-DWIN32" />
					<Add option="-D_DEBUG" />
					<Add option="-D_WINDOWS" />
					<Add option="-D_IRR_STATIC_LIB_" />
					<Add option="-D_CRT_SECURE_NO_DEPRECATE" />
					<Add option="-D__GNUWIN32__" />
				</Compiler>
				<Linker>
					<Add option="-m32" />
					<Add library="../libGameBindings-Windows.a" />
					<Add library="../../desteer/bindings/libDESteerBindings-Windows.a" />
					<Add library="../../LikeMagic/StdBindings/libStdBindings-Windows.a" />
					<Add library="../../Iocaste/libIocaste-Windows.a" />
					<Add library="../../LikeMagic/libLikeMagic-Windows.a" />
					<Add library="../../desteer/lib/libdesteer.a" />
					<Add library="../Deps/tps-1.2/ThinPlateSpline/bin/Debug/libThinPlateSpline.a" />
					<Add library="../Deps/irrlicht-1.7.3/lib/Win32-gcc/libIrrlicht.a" />
					<Add library="../libBullet.a" />
					<Add library="kernel32" />
					<Add library="user32" />
					<Add library="gdi32" />
					<Add library="winspool" />
					<Add library="comdlg32" />
					<Add library="advapi32" />
					<Add library="shell32" />
					<Add library="ole32" />
					<Add library="oleaut32" />
					<Add library="uuid" />
					<Add library="opengl32" />
					<Add library="winmm" />
				</Linker>
			</Target>
		</Build>
		<Compiler>
			<Add option="-Wextra" />
			<Add option="-Wall" />
			<Add option="-fexceptions" />
			<Add option="--std=c++0x" />
			<Add option="-Werror=return-type" />
			<Add option="-fdiagnostics-show-option" />
			<Add option="-Wno-unused-variable" />
			<Add option="-Wno-unused-parameter" />
			<Add option="-Wno-deprecated" />
			<Add option="-Wno-ignored-qualifiers" />
			<Add directory="../Include" />
			<Add directory="Include" />
			<Add directory="../../LikeMagic/StdBindings/Include" />
			<Add directory="../../LikeMagic/Include" />
			<Add directory="../../Common/boost_1_49_0" />
			<Add directory="../../desteer/bindings/Include" />
			<Add directory="../../Iocaste/Include" />
			<Add directory="../../Iocaste/iovm/source" />
			<Add directory="../../Iocaste/basekit/source" />
			<Add directory="../../Iocaste/garbagecollector/source" />
			<Add directory="/usr/X11R6/include" />
			<Add directory="../../Iocaste/Include/Iocaste/CShims" />
		</Compiler>
		<Linker>
			<Add directory="/usr/X11R6/lib" />
		</Linker>
		<Unit filename="Include/Interpreter/Bindings.hpp" />
		<Unit filename="Source/Bindings.cpp" />
		<Unit filename="Source/main.cpp" />
		<Extensions>
			<code_completion />
			<debugger>
				<search_path add="../../LikeMagic/Include" />
				<search_path add="../../desteer/bindings/Include" />
				<search_path add="../Deps/irrlicht/source/Irrlicht" />
				<search_path add="../../Iocaste/Source" />
				<search_path add="../../LikeMagic/Source" />
				<search_path add="../../LikeMagic/Include/LikeMagic" />
				<search_path add="../../LikeMagic/Include/LikeMagic/CallTargets" />
				<search_path add="../Deps/irrlicht/include" />
				<search_path add="../Deps/irrlicht/source" />
				<search_path add="../Deps/irrlicht" />
			</debugger>
			<envvars />
		</Extensions>
	</Project>
</CodeBlocks_project_file>
