<?xml version="1.0" encoding="UTF-8" standalone="yes" ?>
<CodeBlocks_project_file>
	<FileVersion major="1" minor="6" />
	<Project>
		<Option title="InterprocessTest" />
		<Option pch_mode="2" />
		<Option compiler="gcc" />
		<Build>
			<Target title="Debug Mac">
				<Option platforms="Mac;" />
				<Option output="bin/Debug/InterprocessTest" prefix_auto="1" extension_auto="1" />
				<Option object_output="obj/Debug/" />
				<Option type="1" />
				<Option compiler="gcc" />
				<Compiler>
					<Add option="-g" />
				</Compiler>
			</Target>
			<Target title="Release Mac">
				<Option platforms="Mac;" />
				<Option output="bin/Release/InterprocessTest" prefix_auto="1" extension_auto="1" />
				<Option object_output="obj/Release/" />
				<Option type="1" />
				<Option compiler="gcc" />
				<Compiler>
					<Add option="-O2" />
				</Compiler>
				<Linker>
					<Add option="-s" />
				</Linker>
			</Target>
			<Target title="Debug Windows">
				<Option platforms="Windows;" />
				<Option output="bin/Debug/InterprocessTest" prefix_auto="1" extension_auto="1" />
				<Option object_output="obj/Debug/" />
				<Option type="1" />
				<Option compiler="gcc" />
				<Option parameters="parent call" />
				<Compiler>
					<Add option="-std=c++0x" />
					<Add option="-Wall" />
					<Add option="-g" />
					<Add option="-fexceptions" />
					<Add option="-DBOOST_DATE_TIME_NO_LIB" />
				</Compiler>
				<Linker>
					<Add library="..\StdBindings\libStdBindings-Windows.a" />
					<Add library="..\libLikeMagic-Windows.a" />
				</Linker>
			</Target>
		</Build>
		<Compiler>
			<Add option="-std=c++11" />
			<Add option="-std=c++0x" />
			<Add option="-Wall" />
			<Add option="-fexceptions" />
			<Add option="-DBOOST_DATE_TIME_NO_LIB" />
			<Add directory="../../Common/boost_1_49_0" />
			<Add directory="../Include" />
			<Add directory="../StdBindings/Include" />
		</Compiler>
		<Unit filename="Bindings.cpp" />
		<Unit filename="Bindings.hpp" />
		<Unit filename="RPC.cpp" />
		<Unit filename="RPC.hpp" />
		<Unit filename="WindowsProcess.cpp">
			<Option target="Debug Windows" />
		</Unit>
		<Unit filename="WindowsProcess.hpp" />
		<Unit filename="main.cpp" />
		<Extensions>
			<code_completion />
			<envvars />
			<debugger />
		</Extensions>
	</Project>
</CodeBlocks_project_file>
