<?xml version="1.0" encoding="UTF-8" standalone="yes" ?>
<CodeBlocks_project_file>
	<FileVersion major="1" minor="6" />
	<Project>
		<Option title="Iocaste" />
		<Option pch_mode="2" />
		<Option default_target="Debug Linux" />
		<Option compiler="gcc" />
		<Build>
			<Target title="Debug Mac">
				<Option platforms="Mac;" />
				<Option output="Iocaste-Mac" prefix_auto="1" extension_auto="1" />
				<Option working_dir="" />
				<Option object_output="obj/Debug-Mac/" />
				<Option type="2" />
				<Option compiler="gcc" />
				<Option createDefFile="1" />
				<Compiler>
					<Add option="-Wall" />
					<Add option="-g" />
					<Add option="-Dx_IO_USE_SIMD" />
					<Add option="-D__SIMD_EMU__" />
				</Compiler>
				<ExtraCommands>
					<Add before="rm -f libIocaste-Mac.a" />
					<Mode after="always" />
				</ExtraCommands>
			</Target>
			<Target title="Debug Linux">
				<Option platforms="Unix;" />
				<Option output="../bin/Debug/Iocaste-Linux" prefix_auto="1" extension_auto="1" />
				<Option working_dir="../bin/Debug" />
				<Option object_output="obj/Debug-Linux/" />
				<Option type="3" />
				<Option compiler="gcc" />
				<Option parameters="Debugger/TestProject/Test.io.inl" />
				<Option createDefFile="1" />
				<Option createStaticLib="1" />
				<Compiler>
					<Add option="-Wall" />
					<Add option="-g" />
					<Add option="-fPIC" />
					<Add option="-Dx_IO_USE_SIMD" />
					<Add option="-D__SIMD_EMU__" />
				</Compiler>
				<Linker>
					<Add option="-ldl" />
				</Linker>
			</Target>
			<Target title="Debug Windows">
				<Option platforms="Windows;" />
				<Option output="../bin/Debug/Iocaste-Windows" prefix_auto="1" extension_auto="1" />
				<Option object_output="obj/Debug-Windows/" />
				<Option type="3" />
				<Option compiler="gcc" />
				<Option createDefFile="1" />
				<Option createStaticLib="1" />
				<Compiler>
					<Add option="-Wall" />
					<Add option="-g" />
					<Add option="-msse" />
					<Add option="--std=gnu++11" />
					<Add option="-DNO_IO_USE_SIMD" />
					<Add option="-D__SIMD_EMU__" />
					<Add option="-DBUILDING_IOVMALL_DLL" />
					<Add option="-DUSE_DLL_BUILD" />
					<Add option="-DBUILDING_IOCASTE_DLL" />
					<Add option="-DNO_USE_DMALLOC" />
				</Compiler>
				<Linker>
					<Add library="..\bin\Debug\libLikeMagic-Windows.a" />
					<Add library="..\Common\boost_1_54_0\stage\lib\libboost_program_options-mgw48-mt-d-1_54.a" />
				</Linker>
			</Target>
		</Build>
		<Compiler>
			<Add option="-g" />
			<Add option="-Werror=return-type" />
			<Add option="-Werror=implicit-function-declaration" />
			<Add option="-Werror=format" />
			<Add option="-Werror=switch" />
			<Add option="-fdiagnostics-show-option" />
			<Add option="-Wno-unused-variable" />
			<Add option="-Wno-unused-parameter" />
			<Add option="-Wno-unused-but-set-variable" />
			<Add option="--std=c++0x" />
			<Add option="-ftemplate-depth=90" />
			<Add option="-Wno-unused-local-typedefs" />
			<Add directory="Include" />
			<Add directory="Include/Iocaste/CShims" />
			<Add directory="basekit/source" />
			<Add directory="coroutine/source" />
			<Add directory="garbagecollector/source" />
			<Add directory="iovm/source" />
			<Add directory="basekit/source/simd_cph/include" />
			<Add directory="../Common/boost_1_54_0" />
			<Add directory="../LikeMagic/Include" />
			<Add directory="../Common/segvcatch-0.9.1/lib" />
		</Compiler>
		<Linker>
			<Add library="..\Common\segvcatch-0.9.1\bin\Debug\libsegvcatch.a" />
		</Linker>
		<Unit filename="Include/Iocaste/Breakpoint.hpp" />
		<Unit filename="Include/Iocaste/CShims/Exception.h" />
		<Unit filename="Include/Iocaste/CShims/IoObjectImpl.h" />
		<Unit filename="Include/Iocaste/CShims/IoVMCpp.h" />
		<Unit filename="Include/Iocaste/CShims/Stack.h" />
		<Unit filename="Include/Iocaste/CShims/Stack_inline.h" />
		<Unit filename="Include/Iocaste/DebugAPI.hpp" />
		<Unit filename="Include/Iocaste/Error.hpp" />
		<Unit filename="Include/Iocaste/Exception.hpp" />
		<Unit filename="Include/Iocaste/ExceptionSystem.hpp" />
		<Unit filename="Include/Iocaste/IoCallData.hpp" />
		<Unit filename="Include/Iocaste/IoCallStack.hpp" />
		<Unit filename="Include/Iocaste/IocasteDLL.hpp" />
		<Unit filename="Include/Iocaste/LikeMagicAdapters/API_Io.hpp" />
		<Unit filename="Include/Iocaste/LikeMagicAdapters/API_Io_Impl.hpp" />
		<Unit filename="Include/Iocaste/LikeMagicAdapters/FromIoTypeInfo.hpp" />
		<Unit filename="Include/Iocaste/LikeMagicAdapters/IoBlock.hpp" />
		<Unit filename="Include/Iocaste/LikeMagicAdapters/IoListSTL.hpp" />
		<Unit filename="Include/Iocaste/LikeMagicAdapters/IoVM.hpp" />
		<Unit filename="Include/Iocaste/LikeMagicAdapters/IoVectorSTL.hpp" />
		<Unit filename="Include/Iocaste/LikeMagicAdapters/ToIoObjectExpr.hpp" />
		<Unit filename="Include/Iocaste/LikeMagicAdapters/ToIoTypeInfo.hpp" />
		<Unit filename="Include/Iocaste/MapIntToIoObject.hpp" />
		<Unit filename="Include/Iocaste/Primitives.hpp" />
		<Unit filename="Include/Iocaste/Run.hpp" />
		<Unit filename="Include/Iocaste/Stack.hpp" />
		<Unit filename="Source/API_Io.cpp" />
		<Unit filename="Source/API_Io_from_script.cpp" />
		<Unit filename="Source/API_Io_to_script.cpp" />
		<Unit filename="Source/Breakpoint.cpp" />
		<Unit filename="Source/DebugAPI.cpp" />
		<Unit filename="Source/Exception.cpp" />
		<Unit filename="Source/IoBlock.cpp" />
		<Unit filename="Source/IoCallStack.cpp" />
		<Unit filename="Source/IoObjectImpl.cpp" />
		<Unit filename="Source/IoVM.cpp" />
		<Unit filename="Source/IoVMInit.cpp" />
		<Unit filename="Source/MapIntToIoObject.cpp" />
		<Unit filename="Source/Primitives.cpp" />
		<Unit filename="Source/Run.cpp" />
		<Unit filename="Source/Stack.cpp" />
		<Unit filename="basekit/source/BStream.cpp">
			<Option compilerVar="CC" />
		</Unit>
		<Unit filename="basekit/source/BStream.h" />
		<Unit filename="basekit/source/BStreamTag.cpp">
			<Option compilerVar="CC" />
		</Unit>
		<Unit filename="basekit/source/BStreamTag.h" />
		<Unit filename="basekit/source/Base.h" />
		<Unit filename="basekit/source/CHash.cpp">
			<Option compilerVar="CC" />
		</Unit>
		<Unit filename="basekit/source/CHash.h" />
		<Unit filename="basekit/source/CHash_inline.h" />
		<Unit filename="basekit/source/Common.cpp">
			<Option compilerVar="CC" />
		</Unit>
		<Unit filename="basekit/source/Common.h" />
		<Unit filename="basekit/source/Common_inline.h" />
		<Unit filename="basekit/source/Date.cpp">
			<Option compilerVar="CC" />
		</Unit>
		<Unit filename="basekit/source/Date.h" />
		<Unit filename="basekit/source/Duration.cpp">
			<Option compilerVar="CC" />
		</Unit>
		<Unit filename="basekit/source/Duration.h" />
		<Unit filename="basekit/source/DynLib.cpp">
			<Option compilerVar="CC" />
		</Unit>
		<Unit filename="basekit/source/DynLib.h" />
		<Unit filename="basekit/source/Hash_fnv.cpp">
			<Option compilerVar="CC" />
		</Unit>
		<Unit filename="basekit/source/Hash_fnv.h" />
		<Unit filename="basekit/source/Hash_murmur.cpp">
			<Option compilerVar="CC" />
		</Unit>
		<Unit filename="basekit/source/Hash_murmur.h" />
		<Unit filename="basekit/source/Hash_superfast.cpp">
			<Option compilerVar="CC" />
		</Unit>
		<Unit filename="basekit/source/Hash_superfast.h" />
		<Unit filename="basekit/source/List.cpp">
			<Option compilerVar="CC" />
		</Unit>
		<Unit filename="basekit/source/List.h" />
		<Unit filename="basekit/source/List_inline.h" />
		<Unit filename="basekit/source/MainArgs.cpp">
			<Option compilerVar="CC" />
		</Unit>
		<Unit filename="basekit/source/MainArgs.h" />
		<Unit filename="basekit/source/PointerHash.cpp">
			<Option compilerVar="CC" />
		</Unit>
		<Unit filename="basekit/source/PointerHash.h" />
		<Unit filename="basekit/source/PointerHash_inline.h" />
		<Unit filename="basekit/source/PointerHash_struct.h" />
		<Unit filename="basekit/source/PortableGettimeofday.cpp">
			<Option compilerVar="CC" />
		</Unit>
		<Unit filename="basekit/source/PortableGettimeofday.h" />
		<Unit filename="basekit/source/PortableSnprintf.cpp">
			<Option compilerVar="CC" />
		</Unit>
		<Unit filename="basekit/source/PortableSorting.cpp">
			<Option compilerVar="CC" />
		</Unit>
		<Unit filename="basekit/source/PortableSorting.h" />
		<Unit filename="basekit/source/PortableStdint.h" />
		<Unit filename="basekit/source/PortableStrlcpy.cpp">
			<Option compilerVar="CC" />
		</Unit>
		<Unit filename="basekit/source/PortableStrlcpy.h" />
		<Unit filename="basekit/source/PortableStrptime.cpp">
			<Option compilerVar="CC" />
			<Option compiler="gcc" use="1" buildCommand="$compiler $includes -c $file -o $object" />
		</Unit>
		<Unit filename="basekit/source/PortableStrptime.h" />
		<Unit filename="basekit/source/PortableTruncate.cpp">
			<Option compilerVar="CC" />
		</Unit>
		<Unit filename="basekit/source/PortableTruncate.h" />
		<Unit filename="basekit/source/PortableUsleep.cpp">
			<Option compilerVar="CC" />
		</Unit>
		<Unit filename="basekit/source/PortableUsleep.h" />
		<Unit filename="basekit/source/RandomGen.cpp">
			<Option compilerVar="CC" />
		</Unit>
		<Unit filename="basekit/source/RandomGen.h" />
		<Unit filename="basekit/source/UArray.cpp">
			<Option compilerVar="CC" />
		</Unit>
		<Unit filename="basekit/source/UArray.h" />
		<Unit filename="basekit/source/UArray_character.cpp">
			<Option compilerVar="CC" />
		</Unit>
		<Unit filename="basekit/source/UArray_character.h" />
		<Unit filename="basekit/source/UArray_format.cpp">
			<Option compilerVar="CC" />
		</Unit>
		<Unit filename="basekit/source/UArray_format.h" />
		<Unit filename="basekit/source/UArray_math.cpp">
			<Option compilerVar="CC" />
		</Unit>
		<Unit filename="basekit/source/UArray_math.h" />
		<Unit filename="basekit/source/UArray_path.cpp">
			<Option compilerVar="CC" />
		</Unit>
		<Unit filename="basekit/source/UArray_path.h" />
		<Unit filename="basekit/source/UArray_stream.cpp">
			<Option compilerVar="CC" />
		</Unit>
		<Unit filename="basekit/source/UArray_stream.h" />
		<Unit filename="basekit/source/UArray_string.cpp">
			<Option compilerVar="CC" />
		</Unit>
		<Unit filename="basekit/source/UArray_string.h" />
		<Unit filename="basekit/source/UArray_utf.cpp">
			<Option compilerVar="CC" />
		</Unit>
		<Unit filename="basekit/source/UArray_utf.h" />
		<Unit filename="basekit/source/cdecode.cpp">
			<Option compilerVar="CC" />
		</Unit>
		<Unit filename="basekit/source/cdecode.h" />
		<Unit filename="basekit/source/cencode.cpp">
			<Option compilerVar="CC" />
		</Unit>
		<Unit filename="basekit/source/cencode.h" />
		<Unit filename="basekit/source/simd_cph/include/simd_cp.h" />
		<Unit filename="basekit/source/simd_cph/include/simd_cp_arm-iwmmx.h" />
		<Unit filename="basekit/source/simd_cph/include/simd_cp_emu.h" />
		<Unit filename="basekit/source/simd_cph/include/simd_cp_x86.h" />
		<Unit filename="basekit/source/simd_cph/test/test_simd.cpp">
			<Option compilerVar="CC" />
		</Unit>
		<Unit filename="basekit/source/ucs2.cpp">
			<Option compilerVar="CC" />
		</Unit>
		<Unit filename="basekit/source/ucs4.cpp">
			<Option compilerVar="CC" />
		</Unit>
		<Unit filename="basekit/source/utf8.cpp">
			<Option compilerVar="CC" />
		</Unit>
		<Unit filename="basekit/source/utf8.h" />
		<Unit filename="basekit/source/utf8internal.h" />
		<Unit filename="basekit/source/utf_convert.cpp">
			<Option compilerVar="CC" />
		</Unit>
		<Unit filename="basekit/source/utf_convert.h" />
		<Unit filename="garbagecollector/source/Collector.cpp">
			<Option compilerVar="CC" />
		</Unit>
		<Unit filename="garbagecollector/source/Collector.h" />
		<Unit filename="garbagecollector/source/CollectorMarker.cpp">
			<Option compilerVar="CC" />
		</Unit>
		<Unit filename="garbagecollector/source/CollectorMarker.h" />
		<Unit filename="garbagecollector/source/CollectorMarker_inline.h" />
		<Unit filename="garbagecollector/source/Collector_inline.h" />
		<Unit filename="iovm/io/A0_List.io" />
		<Unit filename="iovm/io/A1_OperatorTable.io" />
		<Unit filename="iovm/io/A2_Object.io" />
		<Unit filename="iovm/io/A3_List.io" />
		<Unit filename="iovm/io/A4_Exception.io" />
		<Unit filename="iovm/io/Actor.io" />
		<Unit filename="iovm/io/AddonLoader.io" />
		<Unit filename="iovm/io/B_Sequence.io" />
		<Unit filename="iovm/io/Block.io" />
		<Unit filename="iovm/io/CFunction.io" />
		<Unit filename="iovm/io/Date.io" />
		<Unit filename="iovm/io/Debugger.io" />
		<Unit filename="iovm/io/Directory.io" />
		<Unit filename="iovm/io/DynLib.io" />
		<Unit filename="iovm/io/Error.io" />
		<Unit filename="iovm/io/File.io" />
		<Unit filename="iovm/io/List_schwartzian.io" />
		<Unit filename="iovm/io/Map.io" />
		<Unit filename="iovm/io/Message.io" />
		<Unit filename="iovm/io/Number.io" />
		<Unit filename="iovm/io/Profiler.io" />
		<Unit filename="iovm/io/Sandbox.io" />
		<Unit filename="iovm/io/Serialize.io" />
		<Unit filename="iovm/io/System.io" />
		<Unit filename="iovm/io/UnitTest.io" />
		<Unit filename="iovm/io/Vector.io" />
		<Unit filename="iovm/io/Y_Path.io" />
		<Unit filename="iovm/io/Z_CLI.io" />
		<Unit filename="iovm/io/Z_Importer.io" />
		<Unit filename="iovm/source/IoBlock.cpp">
			<Option compilerVar="CC" />
		</Unit>
		<Unit filename="iovm/source/IoBlock.h" />
		<Unit filename="iovm/source/IoCFunction.cpp">
			<Option compilerVar="CC" />
		</Unit>
		<Unit filename="iovm/source/IoCFunction.h" />
		<Unit filename="iovm/source/IoCall.cpp">
			<Option compilerVar="CC" />
		</Unit>
		<Unit filename="iovm/source/IoCall.h" />
		<Unit filename="iovm/source/IoCollector.cpp">
			<Option compilerVar="CC" />
		</Unit>
		<Unit filename="iovm/source/IoCollector.h" />
		<Unit filename="iovm/source/IoCompiler.cpp">
			<Option compilerVar="CC" />
		</Unit>
		<Unit filename="iovm/source/IoCompiler.h" />
		<Unit filename="iovm/source/IoConfig.h" />
		<Unit filename="iovm/source/IoContext.h" />
		<Unit filename="iovm/source/IoCoroutine.cpp">
			<Option compilerVar="CC" />
		</Unit>
		<Unit filename="iovm/source/IoCoroutine.h" />
		<Unit filename="iovm/source/IoDate.cpp">
			<Option compilerVar="CC" />
			<Option compiler="gcc" use="0" buildCommand="$compiler $includes -c $file -o $object" />
		</Unit>
		<Unit filename="iovm/source/IoDate.h" />
		<Unit filename="iovm/source/IoDebugger.cpp">
			<Option compilerVar="CC" />
		</Unit>
		<Unit filename="iovm/source/IoDebugger.h" />
		<Unit filename="iovm/source/IoDirectory.cpp">
			<Option compilerVar="CC" />
		</Unit>
		<Unit filename="iovm/source/IoDirectory.h" />
		<Unit filename="iovm/source/IoDuration.cpp">
			<Option compilerVar="CC" />
		</Unit>
		<Unit filename="iovm/source/IoDuration.h" />
		<Unit filename="iovm/source/IoDynLib.cpp">
			<Option compilerVar="CC" />
		</Unit>
		<Unit filename="iovm/source/IoDynLib.h" />
		<Unit filename="iovm/source/IoError.cpp">
			<Option compilerVar="CC" />
		</Unit>
		<Unit filename="iovm/source/IoError.h" />
		<Unit filename="iovm/source/IoFile.cpp">
			<Option compilerVar="CC" />
		</Unit>
		<Unit filename="iovm/source/IoFile.h" />
		<Unit filename="iovm/source/IoFile_stat.cpp">
			<Option compilerVar="CC" />
		</Unit>
		<Unit filename="iovm/source/IoFile_stat.h" />
		<Unit filename="iovm/source/IoInstallPrefix.h" />
		<Unit filename="iovm/source/IoLexer.cpp">
			<Option compilerVar="CC" />
		</Unit>
		<Unit filename="iovm/source/IoLexer.h" />
		<Unit filename="iovm/source/IoList.cpp">
			<Option compilerVar="CC" />
		</Unit>
		<Unit filename="iovm/source/IoList.h" />
		<Unit filename="iovm/source/IoMap.cpp">
			<Option compilerVar="CC" />
		</Unit>
		<Unit filename="iovm/source/IoMap.h" />
		<Unit filename="iovm/source/IoMessage.cpp">
			<Option compilerVar="CC" />
		</Unit>
		<Unit filename="iovm/source/IoMessage.h" />
		<Unit filename="iovm/source/IoMessage_inline.h" />
		<Unit filename="iovm/source/IoMessage_opShuffle.cpp">
			<Option compilerVar="CC" />
		</Unit>
		<Unit filename="iovm/source/IoMessage_opShuffle.h" />
		<Unit filename="iovm/source/IoMessage_parser.cpp">
			<Option compilerVar="CC" />
		</Unit>
		<Unit filename="iovm/source/IoMessage_parser.h" />
		<Unit filename="iovm/source/IoNumber.cpp">
			<Option compilerVar="CC" />
		</Unit>
		<Unit filename="iovm/source/IoNumber.h" />
		<Unit filename="iovm/source/IoObject.cpp">
			<Option compilerVar="CC" />
		</Unit>
		<Unit filename="iovm/source/IoObject.h" />
		<Unit filename="iovm/source/IoObject_flow.cpp">
			<Option compilerVar="CC" />
		</Unit>
		<Unit filename="iovm/source/IoObject_flow.h" />
		<Unit filename="iovm/source/IoObject_inline.h" />
		<Unit filename="iovm/source/IoObject_struct.h" />
		<Unit filename="iovm/source/IoProfiler.cpp">
			<Option compilerVar="CC" />
		</Unit>
		<Unit filename="iovm/source/IoProfiler.h" />
		<Unit filename="iovm/source/IoSandbox.cpp">
			<Option compilerVar="CC" />
		</Unit>
		<Unit filename="iovm/source/IoSandbox.h" />
		<Unit filename="iovm/source/IoSeq.cpp">
			<Option compilerVar="CC" />
		</Unit>
		<Unit filename="iovm/source/IoSeq.h" />
		<Unit filename="iovm/source/IoSeq_immutable.cpp">
			<Option compilerVar="CC" />
		</Unit>
		<Unit filename="iovm/source/IoSeq_immutable.h" />
		<Unit filename="iovm/source/IoSeq_inline.h" />
		<Unit filename="iovm/source/IoSeq_mutable.cpp">
			<Option compilerVar="CC" />
		</Unit>
		<Unit filename="iovm/source/IoSeq_mutable.h" />
		<Unit filename="iovm/source/IoSeq_vector.cpp">
			<Option compilerVar="CC" />
		</Unit>
		<Unit filename="iovm/source/IoSeq_vector.h" />
		<Unit filename="iovm/source/IoState.cpp">
			<Option compilerVar="CC" />
		</Unit>
		<Unit filename="iovm/source/IoState.h" />
		<Unit filename="iovm/source/IoState_callbacks.cpp">
			<Option compilerVar="CC" />
		</Unit>
		<Unit filename="iovm/source/IoState_callbacks.h" />
		<Unit filename="iovm/source/IoState_coros.cpp">
			<Option compilerVar="CC" />
		</Unit>
		<Unit filename="iovm/source/IoState_coros.h" />
		<Unit filename="iovm/source/IoState_debug.cpp">
			<Option compilerVar="CC" />
		</Unit>
		<Unit filename="iovm/source/IoState_debug.h" />
		<Unit filename="iovm/source/IoState_eval.cpp">
			<Option compilerVar="CC" />
		</Unit>
		<Unit filename="iovm/source/IoState_eval.h" />
		<Unit filename="iovm/source/IoState_exceptions.cpp">
			<Option compilerVar="CC" />
		</Unit>
		<Unit filename="iovm/source/IoState_exceptions.h" />
		<Unit filename="iovm/source/IoState_inline.h" />
		<Unit filename="iovm/source/IoState_symbols.cpp">
			<Option compilerVar="CC" />
		</Unit>
		<Unit filename="iovm/source/IoState_symbols.h" />
		<Unit filename="iovm/source/IoSystem.cpp">
			<Option compilerVar="CC" />
		</Unit>
		<Unit filename="iovm/source/IoSystem.h" />
		<Unit filename="iovm/source/IoTag.cpp">
			<Option compilerVar="CC" />
		</Unit>
		<Unit filename="iovm/source/IoTag.h" />
		<Unit filename="iovm/source/IoTag_inline.h" />
		<Unit filename="iovm/source/IoToken.cpp">
			<Option compilerVar="CC" />
		</Unit>
		<Unit filename="iovm/source/IoToken.h" />
		<Unit filename="iovm/source/IoVM.h" />
		<Unit filename="iovm/source/IoVMApi.h" />
		<Unit filename="iovm/source/IoVersion.h" />
		<Unit filename="iovm/source/IoWeakLink.cpp">
			<Option compilerVar="CC" />
		</Unit>
		<Unit filename="iovm/source/IoWeakLink.h" />
		<Unit filename="iovm/source/PHash.cpp">
			<Option compilerVar="CC" />
		</Unit>
		<Unit filename="iovm/source/PHash.h" />
		<Unit filename="iovm/source/PHash_inline.h" />
		<Unit filename="iovm/source/PHash_struct.h" />
		<Extensions>
			<code_completion />
			<debugger />
			<envvars />
		</Extensions>
	</Project>
</CodeBlocks_project_file>
